// !$*UTF8*$!
{
	archiveVersion = 1;
	classes = {
	};
	objectVersion = 51;
	objects = {

/* Begin PBXBuildFile section */
		6E373A8924F105C400BF5678 /* CategoryCustomCell.swift in Sources */ = {isa = PBXBuildFile; fileRef = 6E373A8824F105C400BF5678 /* CategoryCustomCell.swift */; };
		6E373A8B24F10DF600BF5678 /* CollectionEdge.swift in Sources */ = {isa = PBXBuildFile; fileRef = 6E373A8A24F10DF600BF5678 /* CollectionEdge.swift */; };
		6E373A8D24F410D600BF5678 /* RestaurantCustomCell.swift in Sources */ = {isa = PBXBuildFile; fileRef = 6E373A8C24F410D600BF5678 /* RestaurantCustomCell.swift */; };
		6EE8C08724F6654400A55413 /* PaddingLabel.swift in Sources */ = {isa = PBXBuildFile; fileRef = 6EE8C08624F6654400A55413 /* PaddingLabel.swift */; };
		6EE8C08924F8FFB000A55413 /* TripleRestaurantCustomCell.swift in Sources */ = {isa = PBXBuildFile; fileRef = 6EE8C08824F8FFB000A55413 /* TripleRestaurantCustomCell.swift */; };
		7306254A24F53A5E00DC70C1 /* NilCell.swift in Sources */ = {isa = PBXBuildFile; fileRef = 7306254924F53A5E00DC70C1 /* NilCell.swift */; };
		7306254D24F53A8000DC70C1 /* ImageTableViewCell.swift in Sources */ = {isa = PBXBuildFile; fileRef = 7306254C24F53A8000DC70C1 /* ImageTableViewCell.swift */; };
		7306255024F53AD200DC70C1 /* CostView.swift in Sources */ = {isa = PBXBuildFile; fileRef = 7306254F24F53AD200DC70C1 /* CostView.swift */; };
		7306255224F53B3D00DC70C1 /* SaleTableViewCell.swift in Sources */ = {isa = PBXBuildFile; fileRef = 7306255124F53B3D00DC70C1 /* SaleTableViewCell.swift */; };
		7306255424F53B5D00DC70C1 /* NameTableViewCell.swift in Sources */ = {isa = PBXBuildFile; fileRef = 7306255324F53B5D00DC70C1 /* NameTableViewCell.swift */; };
		7306255624F53B7E00DC70C1 /* DetailTableViewCell.swift in Sources */ = {isa = PBXBuildFile; fileRef = 7306255524F53B7E00DC70C1 /* DetailTableViewCell.swift */; };
		7306255824F53BA200DC70C1 /* ReviewTableViewCell.swift in Sources */ = {isa = PBXBuildFile; fileRef = 7306255724F53BA200DC70C1 /* ReviewTableViewCell.swift */; };
		7306255B24F53C1200DC70C1 /* CostTableViewCell.swift in Sources */ = {isa = PBXBuildFile; fileRef = 7306255A24F53C1200DC70C1 /* CostTableViewCell.swift */; };
		7306255E24F53C5200DC70C1 /* MenuTableViewCell.swift in Sources */ = {isa = PBXBuildFile; fileRef = 7306255D24F53C5200DC70C1 /* MenuTableViewCell.swift */; };
		7306256024F53C6F00DC70C1 /* ListMenuTableViewCell.swift in Sources */ = {isa = PBXBuildFile; fileRef = 7306255F24F53C6F00DC70C1 /* ListMenuTableViewCell.swift */; };
		7306256324F53CA800DC70C1 /* OptionTableViewCell.swift in Sources */ = {isa = PBXBuildFile; fileRef = 7306256224F53CA800DC70C1 /* OptionTableViewCell.swift */; };
		7306256524F53CC200DC70C1 /* ListOptionTableViewCell.swift in Sources */ = {isa = PBXBuildFile; fileRef = 7306256424F53CC200DC70C1 /* ListOptionTableViewCell.swift */; };
		7306256824F53D0300DC70C1 /* BuyTableViewCell.swift in Sources */ = {isa = PBXBuildFile; fileRef = 7306256724F53D0300DC70C1 /* BuyTableViewCell.swift */; };
		7306256A24F53D1B00DC70C1 /* BuyLastTableViewCell.swift in Sources */ = {isa = PBXBuildFile; fileRef = 7306256924F53D1B00DC70C1 /* BuyLastTableViewCell.swift */; };
		7354B1A424EF9836001903AF /* ColorPiker.swift in Sources */ = {isa = PBXBuildFile; fileRef = 7354B1A324EF9835001903AF /* ColorPiker.swift */; };
		7354B1A624EFA91B001903AF /* FontModel.swift in Sources */ = {isa = PBXBuildFile; fileRef = 7354B1A524EFA91B001903AF /* FontModel.swift */; };
		7F024F53CFF53EFD6A26C0EF /* Pods_YogiYoCloneIOS.framework in Frameworks */ = {isa = PBXBuildFile; fileRef = E98FB96A4EAEB5D87559B8B0 /* Pods_YogiYoCloneIOS.framework */; };
		D303B41924F17C04001701F0 /* FooterView.swift in Sources */ = {isa = PBXBuildFile; fileRef = D303B41824F17C04001701F0 /* FooterView.swift */; };
		D307AAE124F268E400225E6A /* SignCell.swift in Sources */ = {isa = PBXBuildFile; fileRef = D307AAE024F268E400225E6A /* SignCell.swift */; };
		D307AAE324F26A6B00225E6A /* YoFeedVC.swift in Sources */ = {isa = PBXBuildFile; fileRef = D307AAE224F26A6B00225E6A /* YoFeedVC.swift */; };
		D32F4F2C24F120D100375DB2 /* SegmentCell.swift in Sources */ = {isa = PBXBuildFile; fileRef = D32F4F2B24F120D100375DB2 /* SegmentCell.swift */; };
		D32F4F2E24F128DE00375DB2 /* SegmentedExtension.swift in Sources */ = {isa = PBXBuildFile; fileRef = D32F4F2D24F128DE00375DB2 /* SegmentedExtension.swift */; };
		D32F4F3124F12C5300375DB2 /* API.swift in Sources */ = {isa = PBXBuildFile; fileRef = D32F4F3024F12C5300375DB2 /* API.swift */; };
		D33768BF24ECC55C00E0C27A /* HomeVC.swift in Sources */ = {isa = PBXBuildFile; fileRef = D33768BE24ECC55C00E0C27A /* HomeVC.swift */; };
		D33768C124ECC72000E0C27A /* LikeVC.swift in Sources */ = {isa = PBXBuildFile; fileRef = D33768C024ECC72000E0C27A /* LikeVC.swift */; };
		D33768C324ECC78300E0C27A /* SearchVC.swift in Sources */ = {isa = PBXBuildFile; fileRef = D33768C224ECC78300E0C27A /* SearchVC.swift */; };
		D33768C524ECC83300E0C27A /* HistoryVC.swift in Sources */ = {isa = PBXBuildFile; fileRef = D33768C424ECC83300E0C27A /* HistoryVC.swift */; };
		D33768C724ECC87700E0C27A /* AccountVC.swift in Sources */ = {isa = PBXBuildFile; fileRef = D33768C624ECC87700E0C27A /* AccountVC.swift */; };
		D33768DA24ECCC3100E0C27A /* StoreListVC.swift in Sources */ = {isa = PBXBuildFile; fileRef = D33768D924ECCC3100E0C27A /* StoreListVC.swift */; };
		D33768DC24ECCC9000E0C27A /* MenuListVC.swift in Sources */ = {isa = PBXBuildFile; fileRef = D33768DB24ECCC9000E0C27A /* MenuListVC.swift */; };
		D33768DE24ECCD0B00E0C27A /* DetailMenuVC.swift in Sources */ = {isa = PBXBuildFile; fileRef = D33768DD24ECCD0B00E0C27A /* DetailMenuVC.swift */; };
		D33EDF2924F27D870033330E /* BannerCell.swift in Sources */ = {isa = PBXBuildFile; fileRef = D33EDF2824F27D870033330E /* BannerCell.swift */; };
		D33EDF2B24F281E90033330E /* BottomListCell.swift in Sources */ = {isa = PBXBuildFile; fileRef = D33EDF2A24F281E90033330E /* BottomListCell.swift */; };
		D35349CA24EFFD4A007DA461 /* LabelExtension.swift in Sources */ = {isa = PBXBuildFile; fileRef = D35349C924EFFD4A007DA461 /* LabelExtension.swift */; };
		D368064524F34F5500A7E59D /* LogVC.swift in Sources */ = {isa = PBXBuildFile; fileRef = D368064424F34F5500A7E59D /* LogVC.swift */; };
		D368064924F3690600A7E59D /* LogoImageCell.swift in Sources */ = {isa = PBXBuildFile; fileRef = D368064824F3690600A7E59D /* LogoImageCell.swift */; };
		D371D16A24F60CA900EB1D2A /* AcceptVC.swift in Sources */ = {isa = PBXBuildFile; fileRef = D371D16924F60CA900EB1D2A /* AcceptVC.swift */; };
		D371D16D24F613CC00EB1D2A /* LogoImageView.swift in Sources */ = {isa = PBXBuildFile; fileRef = D371D16C24F613CC00EB1D2A /* LogoImageView.swift */; };
		D371D16F24F614BF00EB1D2A /* DescriptionLabel.swift in Sources */ = {isa = PBXBuildFile; fileRef = D371D16E24F614BF00EB1D2A /* DescriptionLabel.swift */; };
		D371D17324F61BB400EB1D2A /* CheckBoxButton.swift in Sources */ = {isa = PBXBuildFile; fileRef = D371D17224F61BB400EB1D2A /* CheckBoxButton.swift */; };
		D371D17524F62D9600EB1D2A /* ButtonExtension.swift in Sources */ = {isa = PBXBuildFile; fileRef = D371D17424F62D9600EB1D2A /* ButtonExtension.swift */; };
		D371D17724F62F6800EB1D2A /* ShowContentButton.swift in Sources */ = {isa = PBXBuildFile; fileRef = D371D17624F62F6800EB1D2A /* ShowContentButton.swift */; };
		D392C64B24F273D400210829 /* WalletCell.swift in Sources */ = {isa = PBXBuildFile; fileRef = D392C64A24F273D400210829 /* WalletCell.swift */; };
		D3969B5A24F2660C0093ACE7 /* ConfigureVC.swift in Sources */ = {isa = PBXBuildFile; fileRef = D3969B5924F2660C0093ACE7 /* ConfigureVC.swift */; };
		D3C2672824F36C3500FB29A6 /* LogCell.swift in Sources */ = {isa = PBXBuildFile; fileRef = D3C2672724F36C3500FB29A6 /* LogCell.swift */; };
		D3C2672A24F386F600FB29A6 /* SocialLogCell.swift in Sources */ = {isa = PBXBuildFile; fileRef = D3C2672924F386F600FB29A6 /* SocialLogCell.swift */; };
		D3C9D54E24F1833000D8E93C /* MenuListCell.swift in Sources */ = {isa = PBXBuildFile; fileRef = D3C9D54D24F1833000D8E93C /* MenuListCell.swift */; };
		D3D6C3F024EF561900B2873B /* StoreInfoCell.swift in Sources */ = {isa = PBXBuildFile; fileRef = D3D6C3EF24EF561900B2873B /* StoreInfoCell.swift */; };
		D3D6C3F224EF5D8300B2873B /* HeaderView.swift in Sources */ = {isa = PBXBuildFile; fileRef = D3D6C3F124EF5D8300B2873B /* HeaderView.swift */; };
		D3D6C3F524EF6ED600B2873B /* StretchHeaderLayout.swift in Sources */ = {isa = PBXBuildFile; fileRef = D3D6C3F424EF6ED600B2873B /* StretchHeaderLayout.swift */; };
		D3D6C43824EF9CE000B2873B /* StackViewExtension.swift in Sources */ = {isa = PBXBuildFile; fileRef = D3D6C43724EF9CE000B2873B /* StackViewExtension.swift */; };
		D3E5F78824EAAFC6001BB6B2 /* AppDelegate.swift in Sources */ = {isa = PBXBuildFile; fileRef = D3E5F78724EAAFC6001BB6B2 /* AppDelegate.swift */; };
		D3E5F78C24EAAFC6001BB6B2 /* MainTabVC.swift in Sources */ = {isa = PBXBuildFile; fileRef = D3E5F78B24EAAFC6001BB6B2 /* MainTabVC.swift */; };
		D3E5F79124EAAFC7001BB6B2 /* Assets.xcassets in Resources */ = {isa = PBXBuildFile; fileRef = D3E5F79024EAAFC7001BB6B2 /* Assets.xcassets */; };
		D3E5F79424EAAFC7001BB6B2 /* LaunchScreen.storyboard in Resources */ = {isa = PBXBuildFile; fileRef = D3E5F79224EAAFC7001BB6B2 /* LaunchScreen.storyboard */; };
		D3E641C324F13AEA0019B9AC /* SegMenuCell.swift in Sources */ = {isa = PBXBuildFile; fileRef = D3E641C224F13AEA0019B9AC /* SegMenuCell.swift */; };
		D3E641C524F14A500019B9AC /* SegMenuItemCell.swift in Sources */ = {isa = PBXBuildFile; fileRef = D3E641C424F14A500019B9AC /* SegMenuItemCell.swift */; };
		D3F5326624F18FF300C25B58 /* TestModel.swift in Sources */ = {isa = PBXBuildFile; fileRef = D3F5326524F18FF300C25B58 /* TestModel.swift */; };
		DE21FA6F24F4AC5B004D8A56 /* TopCategoryView.swift in Sources */ = {isa = PBXBuildFile; fileRef = DE21FA6E24F4AC5B004D8A56 /* TopCategoryView.swift */; };
		DE21FA7124F55B77004D8A56 /* TotalListVC.swift in Sources */ = {isa = PBXBuildFile; fileRef = DE21FA7024F55B77004D8A56 /* TotalListVC.swift */; };
		DE21FA7424F55BCB004D8A56 /* OderForOnePersonListVC.swift in Sources */ = {isa = PBXBuildFile; fileRef = DE21FA7324F55BCB004D8A56 /* OderForOnePersonListVC.swift */; };
		DE21FA7624F55BF4004D8A56 /* ChickenListVC.swift in Sources */ = {isa = PBXBuildFile; fileRef = DE21FA7524F55BF4004D8A56 /* ChickenListVC.swift */; };
		DE21FA7824F60435004D8A56 /* StoreListCell.swift in Sources */ = {isa = PBXBuildFile; fileRef = DE21FA7724F60435004D8A56 /* StoreListCell.swift */; };
/* End PBXBuildFile section */

/* Begin PBXFileReference section */
		6E373A8824F105C400BF5678 /* CategoryCustomCell.swift */ = {isa = PBXFileReference; lastKnownFileType = sourcecode.swift; path = CategoryCustomCell.swift; sourceTree = "<group>"; };
		6E373A8A24F10DF600BF5678 /* CollectionEdge.swift */ = {isa = PBXFileReference; lastKnownFileType = sourcecode.swift; path = CollectionEdge.swift; sourceTree = "<group>"; };
		6E373A8C24F410D600BF5678 /* RestaurantCustomCell.swift */ = {isa = PBXFileReference; lastKnownFileType = sourcecode.swift; path = RestaurantCustomCell.swift; sourceTree = "<group>"; };
		6EE8C08624F6654400A55413 /* PaddingLabel.swift */ = {isa = PBXFileReference; lastKnownFileType = sourcecode.swift; path = PaddingLabel.swift; sourceTree = "<group>"; };
		6EE8C08824F8FFB000A55413 /* TripleRestaurantCustomCell.swift */ = {isa = PBXFileReference; lastKnownFileType = sourcecode.swift; path = TripleRestaurantCustomCell.swift; sourceTree = "<group>"; };
		7306254924F53A5E00DC70C1 /* NilCell.swift */ = {isa = PBXFileReference; lastKnownFileType = sourcecode.swift; path = NilCell.swift; sourceTree = "<group>"; };
		7306254C24F53A8000DC70C1 /* ImageTableViewCell.swift */ = {isa = PBXFileReference; lastKnownFileType = sourcecode.swift; path = ImageTableViewCell.swift; sourceTree = "<group>"; };
		7306254F24F53AD200DC70C1 /* CostView.swift */ = {isa = PBXFileReference; lastKnownFileType = sourcecode.swift; path = CostView.swift; sourceTree = "<group>"; };
		7306255124F53B3D00DC70C1 /* SaleTableViewCell.swift */ = {isa = PBXFileReference; lastKnownFileType = sourcecode.swift; path = SaleTableViewCell.swift; sourceTree = "<group>"; };
		7306255324F53B5D00DC70C1 /* NameTableViewCell.swift */ = {isa = PBXFileReference; lastKnownFileType = sourcecode.swift; path = NameTableViewCell.swift; sourceTree = "<group>"; };
		7306255524F53B7E00DC70C1 /* DetailTableViewCell.swift */ = {isa = PBXFileReference; lastKnownFileType = sourcecode.swift; path = DetailTableViewCell.swift; sourceTree = "<group>"; };
		7306255724F53BA200DC70C1 /* ReviewTableViewCell.swift */ = {isa = PBXFileReference; lastKnownFileType = sourcecode.swift; path = ReviewTableViewCell.swift; sourceTree = "<group>"; };
		7306255A24F53C1200DC70C1 /* CostTableViewCell.swift */ = {isa = PBXFileReference; lastKnownFileType = sourcecode.swift; path = CostTableViewCell.swift; sourceTree = "<group>"; };
		7306255D24F53C5200DC70C1 /* MenuTableViewCell.swift */ = {isa = PBXFileReference; lastKnownFileType = sourcecode.swift; path = MenuTableViewCell.swift; sourceTree = "<group>"; };
		7306255F24F53C6F00DC70C1 /* ListMenuTableViewCell.swift */ = {isa = PBXFileReference; lastKnownFileType = sourcecode.swift; path = ListMenuTableViewCell.swift; sourceTree = "<group>"; };
		7306256224F53CA800DC70C1 /* OptionTableViewCell.swift */ = {isa = PBXFileReference; lastKnownFileType = sourcecode.swift; path = OptionTableViewCell.swift; sourceTree = "<group>"; };
		7306256424F53CC200DC70C1 /* ListOptionTableViewCell.swift */ = {isa = PBXFileReference; lastKnownFileType = sourcecode.swift; path = ListOptionTableViewCell.swift; sourceTree = "<group>"; };
		7306256724F53D0300DC70C1 /* BuyTableViewCell.swift */ = {isa = PBXFileReference; lastKnownFileType = sourcecode.swift; path = BuyTableViewCell.swift; sourceTree = "<group>"; };
		7306256924F53D1B00DC70C1 /* BuyLastTableViewCell.swift */ = {isa = PBXFileReference; lastKnownFileType = sourcecode.swift; path = BuyLastTableViewCell.swift; sourceTree = "<group>"; };
		7354B1A324EF9835001903AF /* ColorPiker.swift */ = {isa = PBXFileReference; lastKnownFileType = sourcecode.swift; path = ColorPiker.swift; sourceTree = "<group>"; };
		7354B1A524EFA91B001903AF /* FontModel.swift */ = {isa = PBXFileReference; lastKnownFileType = sourcecode.swift; name = FontModel.swift; path = ../ViewController/ViewControllers/HomeVC/Byun/FontModel.swift; sourceTree = "<group>"; };
		74F0E0FAD40A790ACA2E0A3A /* Pods-YogiYoCloneIOS.debug.xcconfig */ = {isa = PBXFileReference; includeInIndex = 1; lastKnownFileType = text.xcconfig; name = "Pods-YogiYoCloneIOS.debug.xcconfig"; path = "Target Support Files/Pods-YogiYoCloneIOS/Pods-YogiYoCloneIOS.debug.xcconfig"; sourceTree = "<group>"; };
		8DC8C245D39A5D413C3649C1 /* Pods-YogiYoCloneIOS.release.xcconfig */ = {isa = PBXFileReference; includeInIndex = 1; lastKnownFileType = text.xcconfig; name = "Pods-YogiYoCloneIOS.release.xcconfig"; path = "Target Support Files/Pods-YogiYoCloneIOS/Pods-YogiYoCloneIOS.release.xcconfig"; sourceTree = "<group>"; };
		D303B41824F17C04001701F0 /* FooterView.swift */ = {isa = PBXFileReference; lastKnownFileType = sourcecode.swift; path = FooterView.swift; sourceTree = "<group>"; };
		D307AAE024F268E400225E6A /* SignCell.swift */ = {isa = PBXFileReference; lastKnownFileType = sourcecode.swift; path = SignCell.swift; sourceTree = "<group>"; };
		D307AAE224F26A6B00225E6A /* YoFeedVC.swift */ = {isa = PBXFileReference; lastKnownFileType = sourcecode.swift; path = YoFeedVC.swift; sourceTree = "<group>"; };
		D32F4F2B24F120D100375DB2 /* SegmentCell.swift */ = {isa = PBXFileReference; lastKnownFileType = sourcecode.swift; path = SegmentCell.swift; sourceTree = "<group>"; };
		D32F4F2D24F128DE00375DB2 /* SegmentedExtension.swift */ = {isa = PBXFileReference; lastKnownFileType = sourcecode.swift; path = SegmentedExtension.swift; sourceTree = "<group>"; };
		D32F4F3024F12C5300375DB2 /* API.swift */ = {isa = PBXFileReference; lastKnownFileType = sourcecode.swift; path = API.swift; sourceTree = "<group>"; };
		D33768BE24ECC55C00E0C27A /* HomeVC.swift */ = {isa = PBXFileReference; lastKnownFileType = sourcecode.swift; path = HomeVC.swift; sourceTree = "<group>"; };
		D33768C024ECC72000E0C27A /* LikeVC.swift */ = {isa = PBXFileReference; lastKnownFileType = sourcecode.swift; path = LikeVC.swift; sourceTree = "<group>"; };
		D33768C224ECC78300E0C27A /* SearchVC.swift */ = {isa = PBXFileReference; lastKnownFileType = sourcecode.swift; path = SearchVC.swift; sourceTree = "<group>"; };
		D33768C424ECC83300E0C27A /* HistoryVC.swift */ = {isa = PBXFileReference; lastKnownFileType = sourcecode.swift; path = HistoryVC.swift; sourceTree = "<group>"; };
		D33768C624ECC87700E0C27A /* AccountVC.swift */ = {isa = PBXFileReference; lastKnownFileType = sourcecode.swift; path = AccountVC.swift; sourceTree = "<group>"; };
		D33768D924ECCC3100E0C27A /* StoreListVC.swift */ = {isa = PBXFileReference; lastKnownFileType = sourcecode.swift; path = StoreListVC.swift; sourceTree = "<group>"; };
		D33768DB24ECCC9000E0C27A /* MenuListVC.swift */ = {isa = PBXFileReference; lastKnownFileType = sourcecode.swift; path = MenuListVC.swift; sourceTree = "<group>"; };
		D33768DD24ECCD0B00E0C27A /* DetailMenuVC.swift */ = {isa = PBXFileReference; lastKnownFileType = sourcecode.swift; path = DetailMenuVC.swift; sourceTree = "<group>"; };
		D33EDF2824F27D870033330E /* BannerCell.swift */ = {isa = PBXFileReference; lastKnownFileType = sourcecode.swift; path = BannerCell.swift; sourceTree = "<group>"; };
		D33EDF2A24F281E90033330E /* BottomListCell.swift */ = {isa = PBXFileReference; lastKnownFileType = sourcecode.swift; path = BottomListCell.swift; sourceTree = "<group>"; };
		D35349C924EFFD4A007DA461 /* LabelExtension.swift */ = {isa = PBXFileReference; lastKnownFileType = sourcecode.swift; path = LabelExtension.swift; sourceTree = "<group>"; };
		D368064424F34F5500A7E59D /* LogVC.swift */ = {isa = PBXFileReference; lastKnownFileType = sourcecode.swift; path = LogVC.swift; sourceTree = "<group>"; };
		D368064824F3690600A7E59D /* LogoImageCell.swift */ = {isa = PBXFileReference; lastKnownFileType = sourcecode.swift; path = LogoImageCell.swift; sourceTree = "<group>"; };
		D371D16924F60CA900EB1D2A /* AcceptVC.swift */ = {isa = PBXFileReference; lastKnownFileType = sourcecode.swift; path = AcceptVC.swift; sourceTree = "<group>"; };
		D371D16C24F613CC00EB1D2A /* LogoImageView.swift */ = {isa = PBXFileReference; lastKnownFileType = sourcecode.swift; path = LogoImageView.swift; sourceTree = "<group>"; };
		D371D16E24F614BF00EB1D2A /* DescriptionLabel.swift */ = {isa = PBXFileReference; lastKnownFileType = sourcecode.swift; path = DescriptionLabel.swift; sourceTree = "<group>"; };
		D371D17224F61BB400EB1D2A /* CheckBoxButton.swift */ = {isa = PBXFileReference; lastKnownFileType = sourcecode.swift; path = CheckBoxButton.swift; sourceTree = "<group>"; };
		D371D17424F62D9600EB1D2A /* ButtonExtension.swift */ = {isa = PBXFileReference; lastKnownFileType = sourcecode.swift; path = ButtonExtension.swift; sourceTree = "<group>"; };
		D371D17624F62F6800EB1D2A /* ShowContentButton.swift */ = {isa = PBXFileReference; lastKnownFileType = sourcecode.swift; path = ShowContentButton.swift; sourceTree = "<group>"; };
		D392C64A24F273D400210829 /* WalletCell.swift */ = {isa = PBXFileReference; lastKnownFileType = sourcecode.swift; path = WalletCell.swift; sourceTree = "<group>"; };
		D3969B5924F2660C0093ACE7 /* ConfigureVC.swift */ = {isa = PBXFileReference; lastKnownFileType = sourcecode.swift; path = ConfigureVC.swift; sourceTree = "<group>"; };
		D3C2672724F36C3500FB29A6 /* LogCell.swift */ = {isa = PBXFileReference; lastKnownFileType = sourcecode.swift; path = LogCell.swift; sourceTree = "<group>"; };
		D3C2672924F386F600FB29A6 /* SocialLogCell.swift */ = {isa = PBXFileReference; lastKnownFileType = sourcecode.swift; path = SocialLogCell.swift; sourceTree = "<group>"; };
		D3C9D54D24F1833000D8E93C /* MenuListCell.swift */ = {isa = PBXFileReference; lastKnownFileType = sourcecode.swift; path = MenuListCell.swift; sourceTree = "<group>"; };
		D3D6C3EF24EF561900B2873B /* StoreInfoCell.swift */ = {isa = PBXFileReference; lastKnownFileType = sourcecode.swift; path = StoreInfoCell.swift; sourceTree = "<group>"; };
		D3D6C3F124EF5D8300B2873B /* HeaderView.swift */ = {isa = PBXFileReference; lastKnownFileType = sourcecode.swift; path = HeaderView.swift; sourceTree = "<group>"; };
		D3D6C3F424EF6ED600B2873B /* StretchHeaderLayout.swift */ = {isa = PBXFileReference; lastKnownFileType = sourcecode.swift; path = StretchHeaderLayout.swift; sourceTree = "<group>"; };
		D3D6C43724EF9CE000B2873B /* StackViewExtension.swift */ = {isa = PBXFileReference; lastKnownFileType = sourcecode.swift; path = StackViewExtension.swift; sourceTree = "<group>"; };
		D3E5F78424EAAFC6001BB6B2 /* YogiYoCloneIOS.app */ = {isa = PBXFileReference; explicitFileType = wrapper.application; includeInIndex = 0; path = YogiYoCloneIOS.app; sourceTree = BUILT_PRODUCTS_DIR; };
		D3E5F78724EAAFC6001BB6B2 /* AppDelegate.swift */ = {isa = PBXFileReference; lastKnownFileType = sourcecode.swift; path = AppDelegate.swift; sourceTree = "<group>"; };
		D3E5F78B24EAAFC6001BB6B2 /* MainTabVC.swift */ = {isa = PBXFileReference; lastKnownFileType = sourcecode.swift; path = MainTabVC.swift; sourceTree = "<group>"; };
		D3E5F79024EAAFC7001BB6B2 /* Assets.xcassets */ = {isa = PBXFileReference; lastKnownFileType = folder.assetcatalog; path = Assets.xcassets; sourceTree = "<group>"; };
		D3E5F79324EAAFC7001BB6B2 /* Base */ = {isa = PBXFileReference; lastKnownFileType = file.storyboard; name = Base; path = Base.lproj/LaunchScreen.storyboard; sourceTree = "<group>"; };
		D3E5F79524EAAFC7001BB6B2 /* Info.plist */ = {isa = PBXFileReference; lastKnownFileType = text.plist.xml; path = Info.plist; sourceTree = "<group>"; };
		D3E641C224F13AEA0019B9AC /* SegMenuCell.swift */ = {isa = PBXFileReference; lastKnownFileType = sourcecode.swift; path = SegMenuCell.swift; sourceTree = "<group>"; };
		D3E641C424F14A500019B9AC /* SegMenuItemCell.swift */ = {isa = PBXFileReference; lastKnownFileType = sourcecode.swift; path = SegMenuItemCell.swift; sourceTree = "<group>"; };
		D3F5326524F18FF300C25B58 /* TestModel.swift */ = {isa = PBXFileReference; lastKnownFileType = sourcecode.swift; path = TestModel.swift; sourceTree = "<group>"; };
		DE21FA6E24F4AC5B004D8A56 /* TopCategoryView.swift */ = {isa = PBXFileReference; lastKnownFileType = sourcecode.swift; path = TopCategoryView.swift; sourceTree = "<group>"; };
		DE21FA7024F55B77004D8A56 /* TotalListVC.swift */ = {isa = PBXFileReference; lastKnownFileType = sourcecode.swift; path = TotalListVC.swift; sourceTree = "<group>"; };
		DE21FA7324F55BCB004D8A56 /* OderForOnePersonListVC.swift */ = {isa = PBXFileReference; lastKnownFileType = sourcecode.swift; name = OderForOnePersonListVC.swift; path = YogiYoCloneIOS/ViewController/ViewControllers/HomeVC/Siroo/ViewController/OderForOnePersonListVC.swift; sourceTree = SOURCE_ROOT; };
		DE21FA7524F55BF4004D8A56 /* ChickenListVC.swift */ = {isa = PBXFileReference; lastKnownFileType = sourcecode.swift; name = ChickenListVC.swift; path = YogiYoCloneIOS/ViewController/ViewControllers/HomeVC/Siroo/ViewController/ChickenListVC.swift; sourceTree = SOURCE_ROOT; };
		DE21FA7724F60435004D8A56 /* StoreListCell.swift */ = {isa = PBXFileReference; lastKnownFileType = sourcecode.swift; name = StoreListCell.swift; path = YogiYoCloneIOS/ViewController/ViewControllers/HomeVC/Siroo/ViewController/StoreListCell.swift; sourceTree = SOURCE_ROOT; };
		E98FB96A4EAEB5D87559B8B0 /* Pods_YogiYoCloneIOS.framework */ = {isa = PBXFileReference; explicitFileType = wrapper.framework; includeInIndex = 0; path = Pods_YogiYoCloneIOS.framework; sourceTree = BUILT_PRODUCTS_DIR; };
/* End PBXFileReference section */

/* Begin PBXFrameworksBuildPhase section */
		D3E5F78124EAAFC6001BB6B2 /* Frameworks */ = {
			isa = PBXFrameworksBuildPhase;
			buildActionMask = 2147483647;
			files = (
				7F024F53CFF53EFD6A26C0EF /* Pods_YogiYoCloneIOS.framework in Frameworks */,
			);
			runOnlyForDeploymentPostprocessing = 0;
		};
/* End PBXFrameworksBuildPhase section */

/* Begin PBXGroup section */
		6E373A8724EFDA3900BF5678 /* Custom */ = {
			isa = PBXGroup;
			children = (
				6E373A8824F105C400BF5678 /* CategoryCustomCell.swift */,
				6E373A8C24F410D600BF5678 /* RestaurantCustomCell.swift */,
				6EE8C08824F8FFB000A55413 /* TripleRestaurantCustomCell.swift */,
				6EE8C08624F6654400A55413 /* PaddingLabel.swift */,
			);
			path = Custom;
			sourceTree = "<group>";
		};
		7306254B24F53A6800DC70C1 /* Section0 */ = {
			isa = PBXGroup;
			children = (
				7306254C24F53A8000DC70C1 /* ImageTableViewCell.swift */,
				7306255124F53B3D00DC70C1 /* SaleTableViewCell.swift */,
				7306255324F53B5D00DC70C1 /* NameTableViewCell.swift */,
				7306255524F53B7E00DC70C1 /* DetailTableViewCell.swift */,
				7306255724F53BA200DC70C1 /* ReviewTableViewCell.swift */,
			);
			path = Section0;
			sourceTree = "<group>";
		};
		7306254E24F53AA400DC70C1 /* Extention */ = {
			isa = PBXGroup;
			children = (
				7306254F24F53AD200DC70C1 /* CostView.swift */,
			);
			path = Extention;
			sourceTree = "<group>";
		};
		7306255924F53BB400DC70C1 /* Section1 */ = {
			isa = PBXGroup;
			children = (
				7306255A24F53C1200DC70C1 /* CostTableViewCell.swift */,
			);
			path = Section1;
			sourceTree = "<group>";
		};
		7306255C24F53C2D00DC70C1 /* Section2 */ = {
			isa = PBXGroup;
			children = (
				7306255D24F53C5200DC70C1 /* MenuTableViewCell.swift */,
				7306255F24F53C6F00DC70C1 /* ListMenuTableViewCell.swift */,
			);
			path = Section2;
			sourceTree = "<group>";
		};
		7306256124F53C8800DC70C1 /* Section3 */ = {
			isa = PBXGroup;
			children = (
				7306256224F53CA800DC70C1 /* OptionTableViewCell.swift */,
				7306256424F53CC200DC70C1 /* ListOptionTableViewCell.swift */,
			);
			path = Section3;
			sourceTree = "<group>";
		};
		7306256624F53CEE00DC70C1 /* Section4 */ = {
			isa = PBXGroup;
			children = (
				7306256724F53D0300DC70C1 /* BuyTableViewCell.swift */,
				7306256924F53D1B00DC70C1 /* BuyLastTableViewCell.swift */,
			);
			path = Section4;
			sourceTree = "<group>";
		};
		8E9DD74491D6B090A37CFBB5 /* Frameworks */ = {
			isa = PBXGroup;
			children = (
				E98FB96A4EAEB5D87559B8B0 /* Pods_YogiYoCloneIOS.framework */,
			);
			name = Frameworks;
			sourceTree = "<group>";
		};
		D307AADF24F268CA00225E6A /* TableViewCell */ = {
			isa = PBXGroup;
			children = (
				D368064624F368DF00A7E59D /* AccountVCCell */,
				D368064724F368EC00A7E59D /* LogVCCell */,
			);
			path = TableViewCell;
			sourceTree = "<group>";
		};
		D32F4F2F24F12C4500375DB2 /* Utills */ = {
			isa = PBXGroup;
			children = (
				D32F4F3024F12C5300375DB2 /* API.swift */,
			);
			path = Utills;
			sourceTree = "<group>";
		};
		D33768BD24ECC54E00E0C27A /* ViewController */ = {
			isa = PBXGroup;
			children = (
				D33768C824ECC9C300E0C27A /* MainTabVC */,
				D33768C924ECC9CA00E0C27A /* ViewControllers */,
			);
			path = ViewController;
			sourceTree = "<group>";
		};
		D33768C824ECC9C300E0C27A /* MainTabVC */ = {
			isa = PBXGroup;
			children = (
				D3E5F78B24EAAFC6001BB6B2 /* MainTabVC.swift */,
			);
			path = MainTabVC;
			sourceTree = "<group>";
		};
		D33768C924ECC9CA00E0C27A /* ViewControllers */ = {
			isa = PBXGroup;
			children = (
				D33768D024ECCB3E00E0C27A /* HomeVC */,
				D33768D124ECCB4600E0C27A /* LikeVC */,
				D33768D224ECCB4F00E0C27A /* SearchVC */,
				D33768D324ECCB5900E0C27A /* HistoryVC */,
				D33768D424ECCB6500E0C27A /* AccountVC */,
			);
			path = ViewControllers;
			sourceTree = "<group>";
		};
		D33768CA24ECC9FA00E0C27A /* Model */ = {
			isa = PBXGroup;
			children = (
				7354B1A524EFA91B001903AF /* FontModel.swift */,
				7354B1A324EF9835001903AF /* ColorPiker.swift */,
				6E373A8A24F10DF600BF5678 /* CollectionEdge.swift */,
			);
			path = Model;
			sourceTree = "<group>";
		};
		D33768CF24ECCA0D00E0C27A /* Extension */ = {
			isa = PBXGroup;
			children = (
			);
			path = Extension;
			sourceTree = "<group>";
		};
		D33768D024ECCB3E00E0C27A /* HomeVC */ = {
			isa = PBXGroup;
			children = (
				D33768D524ECCBC600E0C27A /* Pyo */,
				D33768D724ECCBED00E0C27A /* Siroo */,
				D33768D624ECCBDF00E0C27A /* Dong */,
				D33768D824ECCBF200E0C27A /* Byun */,
			);
			path = HomeVC;
			sourceTree = "<group>";
		};
		D33768D124ECCB4600E0C27A /* LikeVC */ = {
			isa = PBXGroup;
			children = (
				D33768C024ECC72000E0C27A /* LikeVC.swift */,
			);
			path = LikeVC;
			sourceTree = "<group>";
		};
		D33768D224ECCB4F00E0C27A /* SearchVC */ = {
			isa = PBXGroup;
			children = (
				D33768C224ECC78300E0C27A /* SearchVC.swift */,
			);
			path = SearchVC;
			sourceTree = "<group>";
		};
		D33768D324ECCB5900E0C27A /* HistoryVC */ = {
			isa = PBXGroup;
			children = (
				D33768C424ECC83300E0C27A /* HistoryVC.swift */,
			);
			path = HistoryVC;
			sourceTree = "<group>";
		};
		D33768D424ECCB6500E0C27A /* AccountVC */ = {
			isa = PBXGroup;
			children = (
				D3969B5724F25E3C0093ACE7 /* Dong */,
			);
			path = AccountVC;
			sourceTree = "<group>";
		};
		D33768D524ECCBC600E0C27A /* Pyo */ = {
			isa = PBXGroup;
			children = (
				D33768BE24ECC55C00E0C27A /* HomeVC.swift */,
				6E373A8724EFDA3900BF5678 /* Custom */,
			);
			path = Pyo;
			sourceTree = "<group>";
		};
		D33768D624ECCBDF00E0C27A /* Dong */ = {
			isa = PBXGroup;
			children = (
				D3F5326424F18FE800C25B58 /* Model */,
				D3D6C43624EF9CC700B2873B /* Extension */,
				D3EFBAB824EECA6D00E08196 /* ViewController */,
				D3D6C3F324EF6EC400B2873B /* Custom */,
				D3D6C3EE24EF55DF00B2873B /* CollectionViewCell */,
				D3D6C3EB24EECD7500B2873B /* TableViewCell */,
			);
			path = Dong;
			sourceTree = "<group>";
		};
		D33768D724ECCBED00E0C27A /* Siroo */ = {
			isa = PBXGroup;
			children = (
				DE21FA6D24F4AC14004D8A56 /* View */,
				DE21FA6C24F4AC08004D8A56 /* ViewController */,
			);
			path = Siroo;
			sourceTree = "<group>";
		};
		D33768D824ECCBF200E0C27A /* Byun */ = {
			isa = PBXGroup;
			children = (
				D33768DD24ECCD0B00E0C27A /* DetailMenuVC.swift */,
				7306254924F53A5E00DC70C1 /* NilCell.swift */,
				7306254E24F53AA400DC70C1 /* Extention */,
				7306254B24F53A6800DC70C1 /* Section0 */,
				7306255924F53BB400DC70C1 /* Section1 */,
				7306255C24F53C2D00DC70C1 /* Section2 */,
				7306256124F53C8800DC70C1 /* Section3 */,
				7306256624F53CEE00DC70C1 /* Section4 */,
			);
			path = Byun;
			sourceTree = "<group>";
		};
		D368064624F368DF00A7E59D /* AccountVCCell */ = {
			isa = PBXGroup;
			children = (
				D307AAE024F268E400225E6A /* SignCell.swift */,
				D392C64A24F273D400210829 /* WalletCell.swift */,
				D33EDF2824F27D870033330E /* BannerCell.swift */,
				D33EDF2A24F281E90033330E /* BottomListCell.swift */,
			);
			path = AccountVCCell;
			sourceTree = "<group>";
		};
		D368064724F368EC00A7E59D /* LogVCCell */ = {
			isa = PBXGroup;
			children = (
				D368064824F3690600A7E59D /* LogoImageCell.swift */,
				D3C2672724F36C3500FB29A6 /* LogCell.swift */,
				D3C2672924F386F600FB29A6 /* SocialLogCell.swift */,
			);
			path = LogVCCell;
			sourceTree = "<group>";
		};
		D371D16B24F6138000EB1D2A /* View */ = {
			isa = PBXGroup;
			children = (
				D371D16C24F613CC00EB1D2A /* LogoImageView.swift */,
				D371D16E24F614BF00EB1D2A /* DescriptionLabel.swift */,
				D371D17224F61BB400EB1D2A /* CheckBoxButton.swift */,
				D371D17624F62F6800EB1D2A /* ShowContentButton.swift */,
			);
			path = View;
			sourceTree = "<group>";
		};
		D3969B5724F25E3C0093ACE7 /* Dong */ = {
			isa = PBXGroup;
			children = (
				D371D16B24F6138000EB1D2A /* View */,
				D307AADF24F268CA00225E6A /* TableViewCell */,
				D3969B5824F265FC0093ACE7 /* ViewController */,
			);
			path = Dong;
			sourceTree = "<group>";
		};
		D3969B5824F265FC0093ACE7 /* ViewController */ = {
			isa = PBXGroup;
			children = (
				D33768C624ECC87700E0C27A /* AccountVC.swift */,
				D307AAE224F26A6B00225E6A /* YoFeedVC.swift */,
				D3969B5924F2660C0093ACE7 /* ConfigureVC.swift */,
				D368064424F34F5500A7E59D /* LogVC.swift */,
				D371D16924F60CA900EB1D2A /* AcceptVC.swift */,
			);
			path = ViewController;
			sourceTree = "<group>";
		};
		D3D6C3EB24EECD7500B2873B /* TableViewCell */ = {
			isa = PBXGroup;
			children = (
				D3C9D54D24F1833000D8E93C /* MenuListCell.swift */,
			);
			path = TableViewCell;
			sourceTree = "<group>";
		};
		D3D6C3EE24EF55DF00B2873B /* CollectionViewCell */ = {
			isa = PBXGroup;
			children = (
				D3D6C3F124EF5D8300B2873B /* HeaderView.swift */,
				D303B41824F17C04001701F0 /* FooterView.swift */,
				D3D6C3EF24EF561900B2873B /* StoreInfoCell.swift */,
				D32F4F2B24F120D100375DB2 /* SegmentCell.swift */,
				D3E641C224F13AEA0019B9AC /* SegMenuCell.swift */,
				D3E641C424F14A500019B9AC /* SegMenuItemCell.swift */,
			);
			path = CollectionViewCell;
			sourceTree = "<group>";
		};
		D3D6C3F324EF6EC400B2873B /* Custom */ = {
			isa = PBXGroup;
			children = (
				D3D6C3F424EF6ED600B2873B /* StretchHeaderLayout.swift */,
			);
			path = Custom;
			sourceTree = "<group>";
		};
		D3D6C43624EF9CC700B2873B /* Extension */ = {
			isa = PBXGroup;
			children = (
				D3D6C43724EF9CE000B2873B /* StackViewExtension.swift */,
				D35349C924EFFD4A007DA461 /* LabelExtension.swift */,
				D32F4F2D24F128DE00375DB2 /* SegmentedExtension.swift */,
				D371D17424F62D9600EB1D2A /* ButtonExtension.swift */,
			);
			path = Extension;
			sourceTree = "<group>";
		};
		D3E5F77B24EAAFC6001BB6B2 = {
			isa = PBXGroup;
			children = (
				D3E5F78624EAAFC6001BB6B2 /* YogiYoCloneIOS */,
				D3E5F78524EAAFC6001BB6B2 /* Products */,
				FA341AF98EB3983C322BD832 /* Pods */,
				8E9DD74491D6B090A37CFBB5 /* Frameworks */,
			);
			sourceTree = "<group>";
		};
		D3E5F78524EAAFC6001BB6B2 /* Products */ = {
			isa = PBXGroup;
			children = (
				D3E5F78424EAAFC6001BB6B2 /* YogiYoCloneIOS.app */,
			);
			name = Products;
			sourceTree = "<group>";
		};
		D3E5F78624EAAFC6001BB6B2 /* YogiYoCloneIOS */ = {
			isa = PBXGroup;
			children = (
				D32F4F2F24F12C4500375DB2 /* Utills */,
				D33768CF24ECCA0D00E0C27A /* Extension */,
				D33768CA24ECC9FA00E0C27A /* Model */,
				D33768BD24ECC54E00E0C27A /* ViewController */,
				D3E5F78724EAAFC6001BB6B2 /* AppDelegate.swift */,
				D3E5F79024EAAFC7001BB6B2 /* Assets.xcassets */,
				D3E5F79224EAAFC7001BB6B2 /* LaunchScreen.storyboard */,
				D3E5F79524EAAFC7001BB6B2 /* Info.plist */,
			);
			path = YogiYoCloneIOS;
			sourceTree = "<group>";
		};
		D3EFBAB824EECA6D00E08196 /* ViewController */ = {
			isa = PBXGroup;
			children = (
				D33768DB24ECCC9000E0C27A /* MenuListVC.swift */,
			);
			path = ViewController;
			sourceTree = "<group>";
		};
		D3F5326424F18FE800C25B58 /* Model */ = {
			isa = PBXGroup;
			children = (
				D3F5326524F18FF300C25B58 /* TestModel.swift */,
			);
			path = Model;
			sourceTree = "<group>";
		};
		DE21FA6C24F4AC08004D8A56 /* ViewController */ = {
			isa = PBXGroup;
			children = (
				D33768D924ECCC3100E0C27A /* StoreListVC.swift */,
				DE21FA7224F55B8B004D8A56 /* PageVC */,
			);
			path = ViewController;
			sourceTree = "<group>";
		};
		DE21FA6D24F4AC14004D8A56 /* View */ = {
			isa = PBXGroup;
			children = (
				DE21FA6E24F4AC5B004D8A56 /* TopCategoryView.swift */,
				DE21FA7724F60435004D8A56 /* StoreListCell.swift */,
			);
			path = View;
			sourceTree = "<group>";
		};
		DE21FA7224F55B8B004D8A56 /* PageVC */ = {
			isa = PBXGroup;
			children = (
				DE21FA7024F55B77004D8A56 /* TotalListVC.swift */,
				DE21FA7324F55BCB004D8A56 /* OderForOnePersonListVC.swift */,
				DE21FA7524F55BF4004D8A56 /* ChickenListVC.swift */,
			);
			path = PageVC;
			sourceTree = "<group>";
		};
		FA341AF98EB3983C322BD832 /* Pods */ = {
			isa = PBXGroup;
			children = (
				74F0E0FAD40A790ACA2E0A3A /* Pods-YogiYoCloneIOS.debug.xcconfig */,
				8DC8C245D39A5D413C3649C1 /* Pods-YogiYoCloneIOS.release.xcconfig */,
			);
			path = Pods;
			sourceTree = "<group>";
		};
/* End PBXGroup section */

/* Begin PBXNativeTarget section */
		D3E5F78324EAAFC6001BB6B2 /* YogiYoCloneIOS */ = {
			isa = PBXNativeTarget;
			buildConfigurationList = D3E5F79824EAAFC7001BB6B2 /* Build configuration list for PBXNativeTarget "YogiYoCloneIOS" */;
			buildPhases = (
				BBF023B12A0EA314382A265C /* [CP] Check Pods Manifest.lock */,
				D3E5F78024EAAFC6001BB6B2 /* Sources */,
				D3E5F78124EAAFC6001BB6B2 /* Frameworks */,
				D3E5F78224EAAFC6001BB6B2 /* Resources */,
				1A7795CF5ECE3DFD9DFD5B36 /* [CP] Embed Pods Frameworks */,
			);
			buildRules = (
			);
			dependencies = (
			);
			name = YogiYoCloneIOS;
			packageProductDependencies = (
			);
			productName = YogiYoCloneIOS;
			productReference = D3E5F78424EAAFC6001BB6B2 /* YogiYoCloneIOS.app */;
			productType = "com.apple.product-type.application";
		};
/* End PBXNativeTarget section */

/* Begin PBXProject section */
		D3E5F77C24EAAFC6001BB6B2 /* Project object */ = {
			isa = PBXProject;
			attributes = {
				LastSwiftUpdateCheck = 1160;
				LastUpgradeCheck = 1160;
				ORGANIZATIONNAME = "김동현";
				TargetAttributes = {
					D3E5F78324EAAFC6001BB6B2 = {
						CreatedOnToolsVersion = 11.6;
					};
				};
			};
			buildConfigurationList = D3E5F77F24EAAFC6001BB6B2 /* Build configuration list for PBXProject "YogiYoCloneIOS" */;
			compatibilityVersion = "Xcode 9.3";
			developmentRegion = en;
			hasScannedForEncodings = 0;
			knownRegions = (
				en,
				Base,
			);
			mainGroup = D3E5F77B24EAAFC6001BB6B2;
			packageReferences = (
			);
			productRefGroup = D3E5F78524EAAFC6001BB6B2 /* Products */;
			projectDirPath = "";
			projectRoot = "";
			targets = (
				D3E5F78324EAAFC6001BB6B2 /* YogiYoCloneIOS */,
			);
		};
/* End PBXProject section */

/* Begin PBXResourcesBuildPhase section */
		D3E5F78224EAAFC6001BB6B2 /* Resources */ = {
			isa = PBXResourcesBuildPhase;
			buildActionMask = 2147483647;
			files = (
				D3E5F79424EAAFC7001BB6B2 /* LaunchScreen.storyboard in Resources */,
				D3E5F79124EAAFC7001BB6B2 /* Assets.xcassets in Resources */,
			);
			runOnlyForDeploymentPostprocessing = 0;
		};
/* End PBXResourcesBuildPhase section */

/* Begin PBXShellScriptBuildPhase section */
		1A7795CF5ECE3DFD9DFD5B36 /* [CP] Embed Pods Frameworks */ = {
			isa = PBXShellScriptBuildPhase;
			buildActionMask = 2147483647;
			files = (
			);
			inputFileListPaths = (
				"${PODS_ROOT}/Target Support Files/Pods-YogiYoCloneIOS/Pods-YogiYoCloneIOS-frameworks-${CONFIGURATION}-input-files.xcfilelist",
			);
			name = "[CP] Embed Pods Frameworks";
			outputFileListPaths = (
				"${PODS_ROOT}/Target Support Files/Pods-YogiYoCloneIOS/Pods-YogiYoCloneIOS-frameworks-${CONFIGURATION}-output-files.xcfilelist",
			);
			runOnlyForDeploymentPostprocessing = 0;
			shellPath = /bin/sh;
			shellScript = "\"${PODS_ROOT}/Target Support Files/Pods-YogiYoCloneIOS/Pods-YogiYoCloneIOS-frameworks.sh\"\n";
			showEnvVarsInLog = 0;
		};
		BBF023B12A0EA314382A265C /* [CP] Check Pods Manifest.lock */ = {
			isa = PBXShellScriptBuildPhase;
			buildActionMask = 2147483647;
			files = (
			);
			inputFileListPaths = (
			);
			inputPaths = (
				"${PODS_PODFILE_DIR_PATH}/Podfile.lock",
				"${PODS_ROOT}/Manifest.lock",
			);
			name = "[CP] Check Pods Manifest.lock";
			outputFileListPaths = (
			);
			outputPaths = (
				"$(DERIVED_FILE_DIR)/Pods-YogiYoCloneIOS-checkManifestLockResult.txt",
			);
			runOnlyForDeploymentPostprocessing = 0;
			shellPath = /bin/sh;
			shellScript = "diff \"${PODS_PODFILE_DIR_PATH}/Podfile.lock\" \"${PODS_ROOT}/Manifest.lock\" > /dev/null\nif [ $? != 0 ] ; then\n    # print error to STDERR\n    echo \"error: The sandbox is not in sync with the Podfile.lock. Run 'pod install' or update your CocoaPods installation.\" >&2\n    exit 1\nfi\n# This output is used by Xcode 'outputs' to avoid re-running this script phase.\necho \"SUCCESS\" > \"${SCRIPT_OUTPUT_FILE_0}\"\n";
			showEnvVarsInLog = 0;
		};
/* End PBXShellScriptBuildPhase section */

/* Begin PBXSourcesBuildPhase section */
		D3E5F78024EAAFC6001BB6B2 /* Sources */ = {
			isa = PBXSourcesBuildPhase;
			buildActionMask = 2147483647;
			files = (
				D33768BF24ECC55C00E0C27A /* HomeVC.swift in Sources */,
				D33768C524ECC83300E0C27A /* HistoryVC.swift in Sources */,
				D371D16A24F60CA900EB1D2A /* AcceptVC.swift in Sources */,
				6E373A8924F105C400BF5678 /* CategoryCustomCell.swift in Sources */,
				DE21FA7124F55B77004D8A56 /* TotalListVC.swift in Sources */,
				D3F5326624F18FF300C25B58 /* TestModel.swift in Sources */,
				D368064924F3690600A7E59D /* LogoImageCell.swift in Sources */,
				D35349CA24EFFD4A007DA461 /* LabelExtension.swift in Sources */,
				D3D6C3F024EF561900B2873B /* StoreInfoCell.swift in Sources */,
				D3D6C3F524EF6ED600B2873B /* StretchHeaderLayout.swift in Sources */,
				D371D17724F62F6800EB1D2A /* ShowContentButton.swift in Sources */,
				D371D16F24F614BF00EB1D2A /* DescriptionLabel.swift in Sources */,
				D33768DE24ECCD0B00E0C27A /* DetailMenuVC.swift in Sources */,
				7306256A24F53D1B00DC70C1 /* BuyLastTableViewCell.swift in Sources */,
				D3D6C43824EF9CE000B2873B /* StackViewExtension.swift in Sources */,
				D3E641C324F13AEA0019B9AC /* SegMenuCell.swift in Sources */,
				7306254A24F53A5E00DC70C1 /* NilCell.swift in Sources */,
				D3969B5A24F2660C0093ACE7 /* ConfigureVC.swift in Sources */,
				D33768C324ECC78300E0C27A /* SearchVC.swift in Sources */,
				D33EDF2924F27D870033330E /* BannerCell.swift in Sources */,
				D33768C724ECC87700E0C27A /* AccountVC.swift in Sources */,
				D371D17324F61BB400EB1D2A /* CheckBoxButton.swift in Sources */,
				7354B1A624EFA91B001903AF /* FontModel.swift in Sources */,
				D3E641C524F14A500019B9AC /* SegMenuItemCell.swift in Sources */,
				7306255624F53B7E00DC70C1 /* DetailTableViewCell.swift in Sources */,
				7354B1A424EF9836001903AF /* ColorPiker.swift in Sources */,
				D33768C124ECC72000E0C27A /* LikeVC.swift in Sources */,
				7306255824F53BA200DC70C1 /* ReviewTableViewCell.swift in Sources */,
				D368064524F34F5500A7E59D /* LogVC.swift in Sources */,
				7306255B24F53C1200DC70C1 /* CostTableViewCell.swift in Sources */,
				D3C9D54E24F1833000D8E93C /* MenuListCell.swift in Sources */,
				D3C2672A24F386F600FB29A6 /* SocialLogCell.swift in Sources */,
				7306255E24F53C5200DC70C1 /* MenuTableViewCell.swift in Sources */,
				D33EDF2B24F281E90033330E /* BottomListCell.swift in Sources */,
				D3C2672824F36C3500FB29A6 /* LogCell.swift in Sources */,
				D33768DC24ECCC9000E0C27A /* MenuListVC.swift in Sources */,
				6EE8C08924F8FFB000A55413 /* TripleRestaurantCustomCell.swift in Sources */,
				DE21FA6F24F4AC5B004D8A56 /* TopCategoryView.swift in Sources */,
				D392C64B24F273D400210829 /* WalletCell.swift in Sources */,
				D3E5F78C24EAAFC6001BB6B2 /* MainTabVC.swift in Sources */,
				7306255024F53AD200DC70C1 /* CostView.swift in Sources */,
				6E373A8B24F10DF600BF5678 /* CollectionEdge.swift in Sources */,
				D33768DA24ECCC3100E0C27A /* StoreListVC.swift in Sources */,
				6EE8C08724F6654400A55413 /* PaddingLabel.swift in Sources */,
				D371D17524F62D9600EB1D2A /* ButtonExtension.swift in Sources */,
				D32F4F3124F12C5300375DB2 /* API.swift in Sources */,
				DE21FA7424F55BCB004D8A56 /* OderForOnePersonListVC.swift in Sources */,
				D32F4F2C24F120D100375DB2 /* SegmentCell.swift in Sources */,
				7306254D24F53A8000DC70C1 /* ImageTableViewCell.swift in Sources */,
				D307AAE324F26A6B00225E6A /* YoFeedVC.swift in Sources */,
				7306256824F53D0300DC70C1 /* BuyTableViewCell.swift in Sources */,
				7306255224F53B3D00DC70C1 /* SaleTableViewCell.swift in Sources */,
				7306256024F53C6F00DC70C1 /* ListMenuTableViewCell.swift in Sources */,
				D3E5F78824EAAFC6001BB6B2 /* AppDelegate.swift in Sources */,
				DE21FA7824F60435004D8A56 /* StoreListCell.swift in Sources */,
				7306255424F53B5D00DC70C1 /* NameTableViewCell.swift in Sources */,
				DE21FA7624F55BF4004D8A56 /* ChickenListVC.swift in Sources */,
				7306256524F53CC200DC70C1 /* ListOptionTableViewCell.swift in Sources */,
				D32F4F2E24F128DE00375DB2 /* SegmentedExtension.swift in Sources */,
				D3D6C3F224EF5D8300B2873B /* HeaderView.swift in Sources */,
				D371D16D24F613CC00EB1D2A /* LogoImageView.swift in Sources */,
				6E373A8D24F410D600BF5678 /* RestaurantCustomCell.swift in Sources */,
				D303B41924F17C04001701F0 /* FooterView.swift in Sources */,
				7306256324F53CA800DC70C1 /* OptionTableViewCell.swift in Sources */,
				D307AAE124F268E400225E6A /* SignCell.swift in Sources */,
			);
			runOnlyForDeploymentPostprocessing = 0;
		};
/* End PBXSourcesBuildPhase section */

/* Begin PBXVariantGroup section */
		D3E5F79224EAAFC7001BB6B2 /* LaunchScreen.storyboard */ = {
			isa = PBXVariantGroup;
			children = (
				D3E5F79324EAAFC7001BB6B2 /* Base */,
			);
			name = LaunchScreen.storyboard;
			sourceTree = "<group>";
		};
/* End PBXVariantGroup section */

/* Begin XCBuildConfiguration section */
		D3E5F79624EAAFC7001BB6B2 /* Debug */ = {
			isa = XCBuildConfiguration;
			buildSettings = {
				ALWAYS_SEARCH_USER_PATHS = NO;
				CLANG_ANALYZER_NONNULL = YES;
				CLANG_ANALYZER_NUMBER_OBJECT_CONVERSION = YES_AGGRESSIVE;
				CLANG_CXX_LANGUAGE_STANDARD = "gnu++14";
				CLANG_CXX_LIBRARY = "libc++";
				CLANG_ENABLE_MODULES = YES;
				CLANG_ENABLE_OBJC_ARC = YES;
				CLANG_ENABLE_OBJC_WEAK = YES;
				CLANG_WARN_BLOCK_CAPTURE_AUTORELEASING = YES;
				CLANG_WARN_BOOL_CONVERSION = YES;
				CLANG_WARN_COMMA = YES;
				CLANG_WARN_CONSTANT_CONVERSION = YES;
				CLANG_WARN_DEPRECATED_OBJC_IMPLEMENTATIONS = YES;
				CLANG_WARN_DIRECT_OBJC_ISA_USAGE = YES_ERROR;
				CLANG_WARN_DOCUMENTATION_COMMENTS = YES;
				CLANG_WARN_EMPTY_BODY = YES;
				CLANG_WARN_ENUM_CONVERSION = YES;
				CLANG_WARN_INFINITE_RECURSION = YES;
				CLANG_WARN_INT_CONVERSION = YES;
				CLANG_WARN_NON_LITERAL_NULL_CONVERSION = YES;
				CLANG_WARN_OBJC_IMPLICIT_RETAIN_SELF = YES;
				CLANG_WARN_OBJC_LITERAL_CONVERSION = YES;
				CLANG_WARN_OBJC_ROOT_CLASS = YES_ERROR;
				CLANG_WARN_RANGE_LOOP_ANALYSIS = YES;
				CLANG_WARN_STRICT_PROTOTYPES = YES;
				CLANG_WARN_SUSPICIOUS_MOVE = YES;
				CLANG_WARN_UNGUARDED_AVAILABILITY = YES_AGGRESSIVE;
				CLANG_WARN_UNREACHABLE_CODE = YES;
				CLANG_WARN__DUPLICATE_METHOD_MATCH = YES;
				COPY_PHASE_STRIP = NO;
				DEBUG_INFORMATION_FORMAT = dwarf;
				ENABLE_STRICT_OBJC_MSGSEND = YES;
				ENABLE_TESTABILITY = YES;
				GCC_C_LANGUAGE_STANDARD = gnu11;
				GCC_DYNAMIC_NO_PIC = NO;
				GCC_NO_COMMON_BLOCKS = YES;
				GCC_OPTIMIZATION_LEVEL = 0;
				GCC_PREPROCESSOR_DEFINITIONS = (
					"DEBUG=1",
					"$(inherited)",
				);
				GCC_WARN_64_TO_32_BIT_CONVERSION = YES;
				GCC_WARN_ABOUT_RETURN_TYPE = YES_ERROR;
				GCC_WARN_UNDECLARED_SELECTOR = YES;
				GCC_WARN_UNINITIALIZED_AUTOS = YES_AGGRESSIVE;
				GCC_WARN_UNUSED_FUNCTION = YES;
				GCC_WARN_UNUSED_VARIABLE = YES;
				IPHONEOS_DEPLOYMENT_TARGET = 13.0;
				MTL_ENABLE_DEBUG_INFO = INCLUDE_SOURCE;
				MTL_FAST_MATH = YES;
				ONLY_ACTIVE_ARCH = YES;
				SDKROOT = iphoneos;
				SWIFT_ACTIVE_COMPILATION_CONDITIONS = DEBUG;
				SWIFT_OPTIMIZATION_LEVEL = "-Onone";
			};
			name = Debug;
		};
		D3E5F79724EAAFC7001BB6B2 /* Release */ = {
			isa = XCBuildConfiguration;
			buildSettings = {
				ALWAYS_SEARCH_USER_PATHS = NO;
				CLANG_ANALYZER_NONNULL = YES;
				CLANG_ANALYZER_NUMBER_OBJECT_CONVERSION = YES_AGGRESSIVE;
				CLANG_CXX_LANGUAGE_STANDARD = "gnu++14";
				CLANG_CXX_LIBRARY = "libc++";
				CLANG_ENABLE_MODULES = YES;
				CLANG_ENABLE_OBJC_ARC = YES;
				CLANG_ENABLE_OBJC_WEAK = YES;
				CLANG_WARN_BLOCK_CAPTURE_AUTORELEASING = YES;
				CLANG_WARN_BOOL_CONVERSION = YES;
				CLANG_WARN_COMMA = YES;
				CLANG_WARN_CONSTANT_CONVERSION = YES;
				CLANG_WARN_DEPRECATED_OBJC_IMPLEMENTATIONS = YES;
				CLANG_WARN_DIRECT_OBJC_ISA_USAGE = YES_ERROR;
				CLANG_WARN_DOCUMENTATION_COMMENTS = YES;
				CLANG_WARN_EMPTY_BODY = YES;
				CLANG_WARN_ENUM_CONVERSION = YES;
				CLANG_WARN_INFINITE_RECURSION = YES;
				CLANG_WARN_INT_CONVERSION = YES;
				CLANG_WARN_NON_LITERAL_NULL_CONVERSION = YES;
				CLANG_WARN_OBJC_IMPLICIT_RETAIN_SELF = YES;
				CLANG_WARN_OBJC_LITERAL_CONVERSION = YES;
				CLANG_WARN_OBJC_ROOT_CLASS = YES_ERROR;
				CLANG_WARN_RANGE_LOOP_ANALYSIS = YES;
				CLANG_WARN_STRICT_PROTOTYPES = YES;
				CLANG_WARN_SUSPICIOUS_MOVE = YES;
				CLANG_WARN_UNGUARDED_AVAILABILITY = YES_AGGRESSIVE;
				CLANG_WARN_UNREACHABLE_CODE = YES;
				CLANG_WARN__DUPLICATE_METHOD_MATCH = YES;
				COPY_PHASE_STRIP = NO;
				DEBUG_INFORMATION_FORMAT = "dwarf-with-dsym";
				ENABLE_NS_ASSERTIONS = NO;
				ENABLE_STRICT_OBJC_MSGSEND = YES;
				GCC_C_LANGUAGE_STANDARD = gnu11;
				GCC_NO_COMMON_BLOCKS = YES;
				GCC_WARN_64_TO_32_BIT_CONVERSION = YES;
				GCC_WARN_ABOUT_RETURN_TYPE = YES_ERROR;
				GCC_WARN_UNDECLARED_SELECTOR = YES;
				GCC_WARN_UNINITIALIZED_AUTOS = YES_AGGRESSIVE;
				GCC_WARN_UNUSED_FUNCTION = YES;
				GCC_WARN_UNUSED_VARIABLE = YES;
				IPHONEOS_DEPLOYMENT_TARGET = 13.0;
				MTL_ENABLE_DEBUG_INFO = NO;
				MTL_FAST_MATH = YES;
				SDKROOT = iphoneos;
				SWIFT_COMPILATION_MODE = wholemodule;
				SWIFT_OPTIMIZATION_LEVEL = "-O";
				VALIDATE_PRODUCT = YES;
			};
			name = Release;
		};
		D3E5F79924EAAFC7001BB6B2 /* Debug */ = {
			isa = XCBuildConfiguration;
			baseConfigurationReference = 74F0E0FAD40A790ACA2E0A3A /* Pods-YogiYoCloneIOS.debug.xcconfig */;
			buildSettings = {
				ASSETCATALOG_COMPILER_APPICON_NAME = AppIcon;
				CODE_SIGN_IDENTITY = "Apple Development";
				CODE_SIGN_STYLE = Automatic;
				DEVELOPMENT_TEAM = 3799SNND63;
				INFOPLIST_FILE = YogiYoCloneIOS/Info.plist;
				IPHONEOS_DEPLOYMENT_TARGET = 13.0;
				LD_RUNPATH_SEARCH_PATHS = (
					"$(inherited)",
					"@executable_path/Frameworks",
				);
				PRODUCT_BUNDLE_IDENTIFIER = kr.YogiYoCloneIOS;
				PRODUCT_NAME = "$(TARGET_NAME)";
				PROVISIONING_PROFILE_SPECIFIER = "";
				SWIFT_VERSION = 5.0;
				TARGETED_DEVICE_FAMILY = "1,2";
			};
			name = Debug;
		};
		D3E5F79A24EAAFC7001BB6B2 /* Release */ = {
			isa = XCBuildConfiguration;
			baseConfigurationReference = 8DC8C245D39A5D413C3649C1 /* Pods-YogiYoCloneIOS.release.xcconfig */;
			buildSettings = {
				ASSETCATALOG_COMPILER_APPICON_NAME = AppIcon;
				CODE_SIGN_STYLE = Automatic;
				DEVELOPMENT_TEAM = 3799SNND63;
				INFOPLIST_FILE = YogiYoCloneIOS/Info.plist;
				IPHONEOS_DEPLOYMENT_TARGET = 13.0;
				LD_RUNPATH_SEARCH_PATHS = (
					"$(inherited)",
					"@executable_path/Frameworks",
				);
				PRODUCT_BUNDLE_IDENTIFIER = kr.YogiYoCloneIOS;
				PRODUCT_NAME = "$(TARGET_NAME)";
				SWIFT_VERSION = 5.0;
				TARGETED_DEVICE_FAMILY = "1,2";
			};
			name = Release;
		};
/* End XCBuildConfiguration section */

/* Begin XCConfigurationList section */
		D3E5F77F24EAAFC6001BB6B2 /* Build configuration list for PBXProject "YogiYoCloneIOS" */ = {
			isa = XCConfigurationList;
			buildConfigurations = (
				D3E5F79624EAAFC7001BB6B2 /* Debug */,
				D3E5F79724EAAFC7001BB6B2 /* Release */,
			);
			defaultConfigurationIsVisible = 0;
			defaultConfigurationName = Release;
		};
		D3E5F79824EAAFC7001BB6B2 /* Build configuration list for PBXNativeTarget "YogiYoCloneIOS" */ = {
			isa = XCConfigurationList;
			buildConfigurations = (
				D3E5F79924EAAFC7001BB6B2 /* Debug */,
				D3E5F79A24EAAFC7001BB6B2 /* Release */,
			);
			defaultConfigurationIsVisible = 0;
			defaultConfigurationName = Release;
		};
/* End XCConfigurationList section */
	};
	rootObject = D3E5F77C24EAAFC6001BB6B2 /* Project object */;
}
