// !$*UTF8*$!
{
	archiveVersion = 1;
	classes = {
	};
	objectVersion = 51;
	objects = {

/* Begin PBXBuildFile section */
		6E165609250A92A800DE7786 /* BottomView.swift in Sources */ = {isa = PBXBuildFile; fileRef = 6E165608250A92A800DE7786 /* BottomView.swift */; };
		6E16560B250AC73900DE7786 /* DataModel.swift in Sources */ = {isa = PBXBuildFile; fileRef = 6E16560A250AC73900DE7786 /* DataModel.swift */; };
		6E16560D251217EF00DE7786 /* CollectionViewDelegate.swift in Sources */ = {isa = PBXBuildFile; fileRef = 6E16560C251217EF00DE7786 /* CollectionViewDelegate.swift */; };
		6E1656152512337600DE7786 /* CategoryModel.swift in Sources */ = {isa = PBXBuildFile; fileRef = 6E1656142512337600DE7786 /* CategoryModel.swift */; };
		6E16561725123C7B00DE7786 /* MapVC.swift in Sources */ = {isa = PBXBuildFile; fileRef = 6E16561625123C7B00DE7786 /* MapVC.swift */; };
		6E373A8924F105C400BF5678 /* CategoryCustomCell.swift in Sources */ = {isa = PBXBuildFile; fileRef = 6E373A8824F105C400BF5678 /* CategoryCustomCell.swift */; };
		6E373A8B24F10DF600BF5678 /* CollectionEdge.swift in Sources */ = {isa = PBXBuildFile; fileRef = 6E373A8A24F10DF600BF5678 /* CollectionEdge.swift */; };
		6E373A8D24F410D600BF5678 /* RestaurantCustomCell.swift in Sources */ = {isa = PBXBuildFile; fileRef = 6E373A8C24F410D600BF5678 /* RestaurantCustomCell.swift */; };
		6E5B36EA251DCE5600F43A22 /* NilViewCustomCell.swift in Sources */ = {isa = PBXBuildFile; fileRef = 6E5B36E9251DCE5600F43A22 /* NilViewCustomCell.swift */; };
		6E5B36EE251DCEC000F43A22 /* LikeTableView.swift in Sources */ = {isa = PBXBuildFile; fileRef = 6E5B36ED251DCEC000F43A22 /* LikeTableView.swift */; };
		6E6B448E2518C30500A74597 /* BannerView.swift in Sources */ = {isa = PBXBuildFile; fileRef = 6E6B448D2518C30500A74597 /* BannerView.swift */; };
		6E88B1862514F77100A64DDA /* CategoryCollection.swift in Sources */ = {isa = PBXBuildFile; fileRef = 6E88B1852514F77100A64DDA /* CategoryCollection.swift */; };
		6E88B1892514FF3500A64DDA /* RecommendCollection.swift in Sources */ = {isa = PBXBuildFile; fileRef = 6E88B1882514FF3500A64DDA /* RecommendCollection.swift */; };
		6E88B18C2515117200A64DDA /* BottomStack.swift in Sources */ = {isa = PBXBuildFile; fileRef = 6E88B18B2515117200A64DDA /* BottomStack.swift */; };
		6E91215924FA50E7003D86F0 /* RestaurantPlusCustomCell.swift in Sources */ = {isa = PBXBuildFile; fileRef = 6E91215824FA50E7003D86F0 /* RestaurantPlusCustomCell.swift */; };
		6E91215B24FAC301003D86F0 /* RestaurantNewCustomCell.swift in Sources */ = {isa = PBXBuildFile; fileRef = 6E91215A24FAC301003D86F0 /* RestaurantNewCustomCell.swift */; };
		6E91216024FD075E003D86F0 /* CollectionViewData.swift in Sources */ = {isa = PBXBuildFile; fileRef = 6E91215F24FD075E003D86F0 /* CollectionViewData.swift */; };
		6E91216224FD07FC003D86F0 /* CollectionViewFlowLayout.swift in Sources */ = {isa = PBXBuildFile; fileRef = 6E91216124FD07FC003D86F0 /* CollectionViewFlowLayout.swift */; };
		6EC9E8C6251DD54300922A20 /* LikeViewCustomCell.swift in Sources */ = {isa = PBXBuildFile; fileRef = 6EC9E8C5251DD54300922A20 /* LikeViewCustomCell.swift */; };
		6EC9E8C9251DD61C00922A20 /* TableViewData.swift in Sources */ = {isa = PBXBuildFile; fileRef = 6EC9E8C8251DD61C00922A20 /* TableViewData.swift */; };
		6EE8C08724F6654400A55413 /* PaddingLabel.swift in Sources */ = {isa = PBXBuildFile; fileRef = 6EE8C08624F6654400A55413 /* PaddingLabel.swift */; };
		6EE8C08924F8FFB000A55413 /* TripleRestaurantCustomCell.swift in Sources */ = {isa = PBXBuildFile; fileRef = 6EE8C08824F8FFB000A55413 /* TripleRestaurantCustomCell.swift */; };
		7306254A24F53A5E00DC70C1 /* NilCell.swift in Sources */ = {isa = PBXBuildFile; fileRef = 7306254924F53A5E00DC70C1 /* NilCell.swift */; };
		7306254D24F53A8000DC70C1 /* ImageTableViewCell.swift in Sources */ = {isa = PBXBuildFile; fileRef = 7306254C24F53A8000DC70C1 /* ImageTableViewCell.swift */; };
		7306255024F53AD200DC70C1 /* CostView.swift in Sources */ = {isa = PBXBuildFile; fileRef = 7306254F24F53AD200DC70C1 /* CostView.swift */; };
		7306255224F53B3D00DC70C1 /* SaleTableViewCell.swift in Sources */ = {isa = PBXBuildFile; fileRef = 7306255124F53B3D00DC70C1 /* SaleTableViewCell.swift */; };
		7306255424F53B5D00DC70C1 /* NameTableViewCell.swift in Sources */ = {isa = PBXBuildFile; fileRef = 7306255324F53B5D00DC70C1 /* NameTableViewCell.swift */; };
		7306255624F53B7E00DC70C1 /* DetailTableViewCell.swift in Sources */ = {isa = PBXBuildFile; fileRef = 7306255524F53B7E00DC70C1 /* DetailTableViewCell.swift */; };
		7306255824F53BA200DC70C1 /* ReviewTableViewCell.swift in Sources */ = {isa = PBXBuildFile; fileRef = 7306255724F53BA200DC70C1 /* ReviewTableViewCell.swift */; };
		7306255B24F53C1200DC70C1 /* CostTableViewCell.swift in Sources */ = {isa = PBXBuildFile; fileRef = 7306255A24F53C1200DC70C1 /* CostTableViewCell.swift */; };
		7306255E24F53C5200DC70C1 /* MenuTableViewCell.swift in Sources */ = {isa = PBXBuildFile; fileRef = 7306255D24F53C5200DC70C1 /* MenuTableViewCell.swift */; };
		7306256024F53C6F00DC70C1 /* ListMenuTableViewCell.swift in Sources */ = {isa = PBXBuildFile; fileRef = 7306255F24F53C6F00DC70C1 /* ListMenuTableViewCell.swift */; };
		7306256324F53CA800DC70C1 /* OptionTableViewCell.swift in Sources */ = {isa = PBXBuildFile; fileRef = 7306256224F53CA800DC70C1 /* OptionTableViewCell.swift */; };
		7306256524F53CC200DC70C1 /* ListOptionTableViewCell.swift in Sources */ = {isa = PBXBuildFile; fileRef = 7306256424F53CC200DC70C1 /* ListOptionTableViewCell.swift */; };
		7306256824F53D0300DC70C1 /* BuyTableViewCell.swift in Sources */ = {isa = PBXBuildFile; fileRef = 7306256724F53D0300DC70C1 /* BuyTableViewCell.swift */; };
		7306256A24F53D1B00DC70C1 /* BuyLastTableViewCell.swift in Sources */ = {isa = PBXBuildFile; fileRef = 7306256924F53D1B00DC70C1 /* BuyLastTableViewCell.swift */; };
		731B05812510E68E005BC1DC /* OrderVC.swift in Sources */ = {isa = PBXBuildFile; fileRef = 731B05802510E68E005BC1DC /* OrderVC.swift */; };
		731B05872510E729005BC1DC /* CellModel.swift in Sources */ = {isa = PBXBuildFile; fileRef = 731B05862510E729005BC1DC /* CellModel.swift */; };
		731B05892510E75A005BC1DC /* LoginCell.swift in Sources */ = {isa = PBXBuildFile; fileRef = 731B05882510E75A005BC1DC /* LoginCell.swift */; };
		731B058B2510E77A005BC1DC /* InformationCell.swift in Sources */ = {isa = PBXBuildFile; fileRef = 731B058A2510E77A005BC1DC /* InformationCell.swift */; };
		731B058D2510E79E005BC1DC /* InformationView.swift in Sources */ = {isa = PBXBuildFile; fileRef = 731B058C2510E79E005BC1DC /* InformationView.swift */; };
		731B058F2510E7D5005BC1DC /* CustomOrderCell.swift in Sources */ = {isa = PBXBuildFile; fileRef = 731B058E2510E7D5005BC1DC /* CustomOrderCell.swift */; };
		731B05912510E835005BC1DC /* PaywithCell.swift in Sources */ = {isa = PBXBuildFile; fileRef = 731B05902510E835005BC1DC /* PaywithCell.swift */; };
		731B05932510E857005BC1DC /* Paywith.swift in Sources */ = {isa = PBXBuildFile; fileRef = 731B05922510E857005BC1DC /* Paywith.swift */; };
		731B05952510E88A005BC1DC /* unMembershipCell.swift in Sources */ = {isa = PBXBuildFile; fileRef = 731B05942510E88A005BC1DC /* unMembershipCell.swift */; };
		731B05972510E8A3005BC1DC /* MembershipCell.swift in Sources */ = {isa = PBXBuildFile; fileRef = 731B05962510E8A3005BC1DC /* MembershipCell.swift */; };
		731B05992510E8BE005BC1DC /* MembershipView.swift in Sources */ = {isa = PBXBuildFile; fileRef = 731B05982510E8BE005BC1DC /* MembershipView.swift */; };
		731B059B2510E8DD005BC1DC /* PointView.swift in Sources */ = {isa = PBXBuildFile; fileRef = 731B059A2510E8DD005BC1DC /* PointView.swift */; };
		731B059D2511E708005BC1DC /* OderModel.swift in Sources */ = {isa = PBXBuildFile; fileRef = 731B059C2511E708005BC1DC /* OderModel.swift */; };
		731B059F2511F45D005BC1DC /* OrderlistCell.swift in Sources */ = {isa = PBXBuildFile; fileRef = 731B059E2511F45D005BC1DC /* OrderlistCell.swift */; };
		731B05A12511FBDA005BC1DC /* ShapeLayerView.swift in Sources */ = {isa = PBXBuildFile; fileRef = 731B05A02511FBDA005BC1DC /* ShapeLayerView.swift */; };
		731B05A525120B2E005BC1DC /* miniListCell.swift in Sources */ = {isa = PBXBuildFile; fileRef = 731B05A425120B2E005BC1DC /* miniListCell.swift */; };
		734EE72B2513CA2C0091893C /* paymentCell.swift in Sources */ = {isa = PBXBuildFile; fileRef = 734EE72A2513CA2C0091893C /* paymentCell.swift */; };
		7354B1A424EF9836001903AF /* ColorPiker.swift in Sources */ = {isa = PBXBuildFile; fileRef = 7354B1A324EF9835001903AF /* ColorPiker.swift */; };
		7354B1A624EFA91B001903AF /* FontModel.swift in Sources */ = {isa = PBXBuildFile; fileRef = 7354B1A524EFA91B001903AF /* FontModel.swift */; };
		739A42CA24F5F7F300A51BE0 /* ShareView.swift in Sources */ = {isa = PBXBuildFile; fileRef = 739A42C924F5F7F300A51BE0 /* ShareView.swift */; };
		739A42CD24F626DB00A51BE0 /* ShareVC.swift in Sources */ = {isa = PBXBuildFile; fileRef = 739A42CC24F626DB00A51BE0 /* ShareVC.swift */; };
		739A42CF24F63A0400A51BE0 /* CancelBt.swift in Sources */ = {isa = PBXBuildFile; fileRef = 739A42CE24F63A0300A51BE0 /* CancelBt.swift */; };
		7F024F53CFF53EFD6A26C0EF /* Pods_YogiYoCloneIOS.framework in Frameworks */ = {isa = PBXBuildFile; fileRef = E98FB96A4EAEB5D87559B8B0 /* Pods_YogiYoCloneIOS.framework */; };
		D303B41924F17C04001701F0 /* FooterView.swift in Sources */ = {isa = PBXBuildFile; fileRef = D303B41824F17C04001701F0 /* FooterView.swift */; };
		D307AAE124F268E400225E6A /* SignCell.swift in Sources */ = {isa = PBXBuildFile; fileRef = D307AAE024F268E400225E6A /* SignCell.swift */; };
		D307AAE324F26A6B00225E6A /* YoFeedVC.swift in Sources */ = {isa = PBXBuildFile; fileRef = D307AAE224F26A6B00225E6A /* YoFeedVC.swift */; };
		D32F4F2C24F120D100375DB2 /* SegmentCell.swift in Sources */ = {isa = PBXBuildFile; fileRef = D32F4F2B24F120D100375DB2 /* SegmentCell.swift */; };
		D32F4F2E24F128DE00375DB2 /* SegmentedExtension.swift in Sources */ = {isa = PBXBuildFile; fileRef = D32F4F2D24F128DE00375DB2 /* SegmentedExtension.swift */; };
		D32F4F3124F12C5300375DB2 /* API.swift in Sources */ = {isa = PBXBuildFile; fileRef = D32F4F3024F12C5300375DB2 /* API.swift */; };
		D33768BF24ECC55C00E0C27A /* HomeVC.swift in Sources */ = {isa = PBXBuildFile; fileRef = D33768BE24ECC55C00E0C27A /* HomeVC.swift */; };
		D33768C124ECC72000E0C27A /* LikeVC.swift in Sources */ = {isa = PBXBuildFile; fileRef = D33768C024ECC72000E0C27A /* LikeVC.swift */; };
		D33768C324ECC78300E0C27A /* SearchVC.swift in Sources */ = {isa = PBXBuildFile; fileRef = D33768C224ECC78300E0C27A /* SearchVC.swift */; };
		D33768C524ECC83300E0C27A /* HistoryVC.swift in Sources */ = {isa = PBXBuildFile; fileRef = D33768C424ECC83300E0C27A /* HistoryVC.swift */; };
		D33768C724ECC87700E0C27A /* AccountVC.swift in Sources */ = {isa = PBXBuildFile; fileRef = D33768C624ECC87700E0C27A /* AccountVC.swift */; };
		D33768DA24ECCC3100E0C27A /* StoreListVC.swift in Sources */ = {isa = PBXBuildFile; fileRef = D33768D924ECCC3100E0C27A /* StoreListVC.swift */; };
		D33768DC24ECCC9000E0C27A /* MenuListVC.swift in Sources */ = {isa = PBXBuildFile; fileRef = D33768DB24ECCC9000E0C27A /* MenuListVC.swift */; };
		D33768DE24ECCD0B00E0C27A /* DetailMenuVC.swift in Sources */ = {isa = PBXBuildFile; fileRef = D33768DD24ECCD0B00E0C27A /* DetailMenuVC.swift */; };
		D33EDF2924F27D870033330E /* BannerCell.swift in Sources */ = {isa = PBXBuildFile; fileRef = D33EDF2824F27D870033330E /* BannerCell.swift */; };
		D33EDF2B24F281E90033330E /* BottomListCell.swift in Sources */ = {isa = PBXBuildFile; fileRef = D33EDF2A24F281E90033330E /* BottomListCell.swift */; };
		D35349CA24EFFD4A007DA461 /* LabelExtension.swift in Sources */ = {isa = PBXBuildFile; fileRef = D35349C924EFFD4A007DA461 /* LabelExtension.swift */; };
		D368064524F34F5500A7E59D /* LogVC.swift in Sources */ = {isa = PBXBuildFile; fileRef = D368064424F34F5500A7E59D /* LogVC.swift */; };
		D368064924F3690600A7E59D /* LogoImageCell.swift in Sources */ = {isa = PBXBuildFile; fileRef = D368064824F3690600A7E59D /* LogoImageCell.swift */; };
		D371D16A24F60CA900EB1D2A /* AcceptVC.swift in Sources */ = {isa = PBXBuildFile; fileRef = D371D16924F60CA900EB1D2A /* AcceptVC.swift */; };
		D371D16D24F613CC00EB1D2A /* LogoImageView.swift in Sources */ = {isa = PBXBuildFile; fileRef = D371D16C24F613CC00EB1D2A /* LogoImageView.swift */; };
		D371D16F24F614BF00EB1D2A /* DescriptionLabel.swift in Sources */ = {isa = PBXBuildFile; fileRef = D371D16E24F614BF00EB1D2A /* DescriptionLabel.swift */; };
		D371D17324F61BB400EB1D2A /* CheckBoxButton.swift in Sources */ = {isa = PBXBuildFile; fileRef = D371D17224F61BB400EB1D2A /* CheckBoxButton.swift */; };
		D371D17524F62D9600EB1D2A /* ButtonExtension.swift in Sources */ = {isa = PBXBuildFile; fileRef = D371D17424F62D9600EB1D2A /* ButtonExtension.swift */; };
		D371D17724F62F6800EB1D2A /* ShowContentButton.swift in Sources */ = {isa = PBXBuildFile; fileRef = D371D17624F62F6800EB1D2A /* ShowContentButton.swift */; };
		D37C9DA024FA55DB00A7C9F2 /* EmailIDCell.swift in Sources */ = {isa = PBXBuildFile; fileRef = D37C9D9F24FA55DB00A7C9F2 /* EmailIDCell.swift */; };
		D37C9DA224FA595A00A7C9F2 /* PasswordCell.swift in Sources */ = {isa = PBXBuildFile; fileRef = D37C9DA124FA595A00A7C9F2 /* PasswordCell.swift */; };
		D37C9DA424FA5ADD00A7C9F2 /* PhoneInfoCell.swift in Sources */ = {isa = PBXBuildFile; fileRef = D37C9DA324FA5ADD00A7C9F2 /* PhoneInfoCell.swift */; };
		D37C9DA624FA5C6E00A7C9F2 /* NickNameCell.swift in Sources */ = {isa = PBXBuildFile; fileRef = D37C9DA524FA5C6E00A7C9F2 /* NickNameCell.swift */; };
		D37C9DA824FA5CEE00A7C9F2 /* BottomCell.swift in Sources */ = {isa = PBXBuildFile; fileRef = D37C9DA724FA5CEE00A7C9F2 /* BottomCell.swift */; };
		D37DC88A24F7E02C00EFD6A0 /* PhoneAcceptVC.swift in Sources */ = {isa = PBXBuildFile; fileRef = D37DC88924F7E02C00EFD6A0 /* PhoneAcceptVC.swift */; };
		D37DC88D24F7EA0E00EFD6A0 /* TextFieldExtension.swift in Sources */ = {isa = PBXBuildFile; fileRef = D37DC88C24F7EA0E00EFD6A0 /* TextFieldExtension.swift */; };
		D37F20712513343200AFCAD7 /* DetailMenuListCell.swift in Sources */ = {isa = PBXBuildFile; fileRef = D37F20702513343200AFCAD7 /* DetailMenuListCell.swift */; };
		D3847ECB24F93F6F00C34792 /* LoggedAccountVC.swift in Sources */ = {isa = PBXBuildFile; fileRef = D3847ECA24F93F6F00C34792 /* LoggedAccountVC.swift */; };
		D3847ECE24F9406F00C34792 /* ProfileCell.swift in Sources */ = {isa = PBXBuildFile; fileRef = D3847ECD24F9406F00C34792 /* ProfileCell.swift */; };
		D392C64B24F273D400210829 /* WalletCell.swift in Sources */ = {isa = PBXBuildFile; fileRef = D392C64A24F273D400210829 /* WalletCell.swift */; };
		D3969B5A24F2660C0093ACE7 /* ConfigureVC.swift in Sources */ = {isa = PBXBuildFile; fileRef = D3969B5924F2660C0093ACE7 /* ConfigureVC.swift */; };
		D3A27B9124F9564F006FCE70 /* SmallBannerCell.swift in Sources */ = {isa = PBXBuildFile; fileRef = D3A27B9024F9564F006FCE70 /* SmallBannerCell.swift */; };
		D3A27B9324F95C1F006FCE70 /* ObserveKey.swift in Sources */ = {isa = PBXBuildFile; fileRef = D3A27B9224F95C1F006FCE70 /* ObserveKey.swift */; };
		D3A27B9524F97B8D006FCE70 /* User.swift in Sources */ = {isa = PBXBuildFile; fileRef = D3A27B9424F97B8D006FCE70 /* User.swift */; };
		D3A27B9724F98324006FCE70 /* ProfileEditVC.swift in Sources */ = {isa = PBXBuildFile; fileRef = D3A27B9624F98324006FCE70 /* ProfileEditVC.swift */; };
		D3B0636224F7FDE500FF37BA /* TextField.swift in Sources */ = {isa = PBXBuildFile; fileRef = D3B0636124F7FDE500FF37BA /* TextField.swift */; };
		D3B0636424F7FE6100FF37BA /* GetCodeButton.swift in Sources */ = {isa = PBXBuildFile; fileRef = D3B0636324F7FE6100FF37BA /* GetCodeButton.swift */; };
		D3B0636624F7FEB800FF37BA /* HelpTitleLabel.swift in Sources */ = {isa = PBXBuildFile; fileRef = D3B0636524F7FEB800FF37BA /* HelpTitleLabel.swift */; };
		D3B0636824F7FEFF00FF37BA /* FinishButton.swift in Sources */ = {isa = PBXBuildFile; fileRef = D3B0636724F7FEFF00FF37BA /* FinishButton.swift */; };
		D3B30D54250DF1E4004BEA40 /* MenListService.swift in Sources */ = {isa = PBXBuildFile; fileRef = D3B30D53250DF1E4004BEA40 /* MenListService.swift */; };
		D3B86E1524F7F0D300044A27 /* GoogleService-Info.plist in Resources */ = {isa = PBXBuildFile; fileRef = D3B86E1424F7F0D300044A27 /* GoogleService-Info.plist */; };
		D3B86E1724F7FC1700044A27 /* TitleLabel.swift in Sources */ = {isa = PBXBuildFile; fileRef = D3B86E1624F7FC1700044A27 /* TitleLabel.swift */; };
		D3C2672824F36C3500FB29A6 /* LogCell.swift in Sources */ = {isa = PBXBuildFile; fileRef = D3C2672724F36C3500FB29A6 /* LogCell.swift */; };
		D3C2672A24F386F600FB29A6 /* SocialLogCell.swift in Sources */ = {isa = PBXBuildFile; fileRef = D3C2672924F386F600FB29A6 /* SocialLogCell.swift */; };
		D3C9D54E24F1833000D8E93C /* MenuListCell.swift in Sources */ = {isa = PBXBuildFile; fileRef = D3C9D54D24F1833000D8E93C /* MenuListCell.swift */; };
		D3D6C3F024EF561900B2873B /* StoreInfoCell.swift in Sources */ = {isa = PBXBuildFile; fileRef = D3D6C3EF24EF561900B2873B /* StoreInfoCell.swift */; };
		D3D6C3F224EF5D8300B2873B /* HeaderView.swift in Sources */ = {isa = PBXBuildFile; fileRef = D3D6C3F124EF5D8300B2873B /* HeaderView.swift */; };
		D3D6C3F524EF6ED600B2873B /* StretchHeaderLayout.swift in Sources */ = {isa = PBXBuildFile; fileRef = D3D6C3F424EF6ED600B2873B /* StretchHeaderLayout.swift */; };
		D3D6C43824EF9CE000B2873B /* StackViewExtension.swift in Sources */ = {isa = PBXBuildFile; fileRef = D3D6C43724EF9CE000B2873B /* StackViewExtension.swift */; };
		D3E5F78824EAAFC6001BB6B2 /* AppDelegate.swift in Sources */ = {isa = PBXBuildFile; fileRef = D3E5F78724EAAFC6001BB6B2 /* AppDelegate.swift */; };
		D3E5F78C24EAAFC6001BB6B2 /* MainTabVC.swift in Sources */ = {isa = PBXBuildFile; fileRef = D3E5F78B24EAAFC6001BB6B2 /* MainTabVC.swift */; };
		D3E5F79124EAAFC7001BB6B2 /* Assets.xcassets in Resources */ = {isa = PBXBuildFile; fileRef = D3E5F79024EAAFC7001BB6B2 /* Assets.xcassets */; };
		D3E5F79424EAAFC7001BB6B2 /* LaunchScreen.storyboard in Resources */ = {isa = PBXBuildFile; fileRef = D3E5F79224EAAFC7001BB6B2 /* LaunchScreen.storyboard */; };
		D3E641C324F13AEA0019B9AC /* SegMenuCell.swift in Sources */ = {isa = PBXBuildFile; fileRef = D3E641C224F13AEA0019B9AC /* SegMenuCell.swift */; };
		D3E641C524F14A500019B9AC /* SegMenuItemCell.swift in Sources */ = {isa = PBXBuildFile; fileRef = D3E641C424F14A500019B9AC /* SegMenuItemCell.swift */; };
		D3E6EC4A24F94560005C4B32 /* BenefitCell.swift in Sources */ = {isa = PBXBuildFile; fileRef = D3E6EC4924F94560005C4B32 /* BenefitCell.swift */; };
		D3ECDB7324FDCE2B00DAD53C /* StatusView.swift in Sources */ = {isa = PBXBuildFile; fileRef = D3ECDB7224FDCE2B00DAD53C /* StatusView.swift */; };
		D3ECDB7524FDCE9200DAD53C /* MenuListVCBottomView.swift in Sources */ = {isa = PBXBuildFile; fileRef = D3ECDB7424FDCE9200DAD53C /* MenuListVCBottomView.swift */; };
		D3F9EA8E24FA868C0058E501 /* AlertExtension.swift in Sources */ = {isa = PBXBuildFile; fileRef = D3F9EA8D24FA868C0058E501 /* AlertExtension.swift */; };
		DE21FA6F24F4AC5B004D8A56 /* CustomTopCategoryView.swift in Sources */ = {isa = PBXBuildFile; fileRef = DE21FA6E24F4AC5B004D8A56 /* CustomTopCategoryView.swift */; };
		DE21FA7424F55BCB004D8A56 /* CategoryVC.swift in Sources */ = {isa = PBXBuildFile; fileRef = DE21FA7324F55BCB004D8A56 /* CategoryVC.swift */; };
		DE21FA7824F60435004D8A56 /* StoreListCell.swift in Sources */ = {isa = PBXBuildFile; fileRef = DE21FA7724F60435004D8A56 /* StoreListCell.swift */; };
		DE21FA7A24FCD9A9004D8A56 /* StoreinfoFetch.swift in Sources */ = {isa = PBXBuildFile; fileRef = DE21FA7924FCD9A9004D8A56 /* StoreinfoFetch.swift */; };
		DE470359250FD6F400143A6F /* YogiyoPlusCollectionVC.swift in Sources */ = {isa = PBXBuildFile; fileRef = DE470358250FD6F400143A6F /* YogiyoPlusCollectionVC.swift */; };
		DE47035B250FD76000143A6F /* StoreListFilterView.swift in Sources */ = {isa = PBXBuildFile; fileRef = DE47035A250FD76000143A6F /* StoreListFilterView.swift */; };
		DE8202F2250B378F008537B1 /* YogiyoPlusStoreListVC.swift in Sources */ = {isa = PBXBuildFile; fileRef = DE8202F1250B378F008537B1 /* YogiyoPlusStoreListVC.swift */; };
		DE9FDA7425135615004654A6 /* Extension.swift in Sources */ = {isa = PBXBuildFile; fileRef = DE9FDA7325135615004654A6 /* Extension.swift */; };
		DE9FDA7E2513B920004654A6 /* StoreFilterbigView.swift in Sources */ = {isa = PBXBuildFile; fileRef = DE9FDA7D2513B920004654A6 /* StoreFilterbigView.swift */; };
/* End PBXBuildFile section */

/* Begin PBXFileReference section */
		6E165608250A92A800DE7786 /* BottomView.swift */ = {isa = PBXFileReference; lastKnownFileType = sourcecode.swift; path = BottomView.swift; sourceTree = "<group>"; };
		6E16560A250AC73900DE7786 /* DataModel.swift */ = {isa = PBXFileReference; lastKnownFileType = sourcecode.swift; path = DataModel.swift; sourceTree = "<group>"; };
		6E16560C251217EF00DE7786 /* CollectionViewDelegate.swift */ = {isa = PBXFileReference; lastKnownFileType = sourcecode.swift; path = CollectionViewDelegate.swift; sourceTree = "<group>"; };
		6E1656142512337600DE7786 /* CategoryModel.swift */ = {isa = PBXFileReference; lastKnownFileType = sourcecode.swift; path = CategoryModel.swift; sourceTree = "<group>"; };
		6E16561625123C7B00DE7786 /* MapVC.swift */ = {isa = PBXFileReference; lastKnownFileType = sourcecode.swift; path = MapVC.swift; sourceTree = "<group>"; };
		6E373A8824F105C400BF5678 /* CategoryCustomCell.swift */ = {isa = PBXFileReference; lastKnownFileType = sourcecode.swift; path = CategoryCustomCell.swift; sourceTree = "<group>"; };
		6E373A8A24F10DF600BF5678 /* CollectionEdge.swift */ = {isa = PBXFileReference; lastKnownFileType = sourcecode.swift; path = CollectionEdge.swift; sourceTree = "<group>"; };
		6E373A8C24F410D600BF5678 /* RestaurantCustomCell.swift */ = {isa = PBXFileReference; lastKnownFileType = sourcecode.swift; path = RestaurantCustomCell.swift; sourceTree = "<group>"; };
		6E5B36E9251DCE5600F43A22 /* NilViewCustomCell.swift */ = {isa = PBXFileReference; lastKnownFileType = sourcecode.swift; path = NilViewCustomCell.swift; sourceTree = "<group>"; };
		6E5B36ED251DCEC000F43A22 /* LikeTableView.swift */ = {isa = PBXFileReference; lastKnownFileType = sourcecode.swift; path = LikeTableView.swift; sourceTree = "<group>"; };
		6E6B448D2518C30500A74597 /* BannerView.swift */ = {isa = PBXFileReference; lastKnownFileType = sourcecode.swift; path = BannerView.swift; sourceTree = "<group>"; };
		6E88B1852514F77100A64DDA /* CategoryCollection.swift */ = {isa = PBXFileReference; lastKnownFileType = sourcecode.swift; path = CategoryCollection.swift; sourceTree = "<group>"; };
		6E88B1882514FF3500A64DDA /* RecommendCollection.swift */ = {isa = PBXFileReference; lastKnownFileType = sourcecode.swift; path = RecommendCollection.swift; sourceTree = "<group>"; };
		6E88B18B2515117200A64DDA /* BottomStack.swift */ = {isa = PBXFileReference; lastKnownFileType = sourcecode.swift; path = BottomStack.swift; sourceTree = "<group>"; };
		6E91215824FA50E7003D86F0 /* RestaurantPlusCustomCell.swift */ = {isa = PBXFileReference; lastKnownFileType = sourcecode.swift; path = RestaurantPlusCustomCell.swift; sourceTree = "<group>"; };
		6E91215A24FAC301003D86F0 /* RestaurantNewCustomCell.swift */ = {isa = PBXFileReference; lastKnownFileType = sourcecode.swift; path = RestaurantNewCustomCell.swift; sourceTree = "<group>"; };
		6E91215F24FD075E003D86F0 /* CollectionViewData.swift */ = {isa = PBXFileReference; lastKnownFileType = sourcecode.swift; path = CollectionViewData.swift; sourceTree = "<group>"; };
		6E91216124FD07FC003D86F0 /* CollectionViewFlowLayout.swift */ = {isa = PBXFileReference; lastKnownFileType = sourcecode.swift; path = CollectionViewFlowLayout.swift; sourceTree = "<group>"; };
		6EC9E8C5251DD54300922A20 /* LikeViewCustomCell.swift */ = {isa = PBXFileReference; lastKnownFileType = sourcecode.swift; path = LikeViewCustomCell.swift; sourceTree = "<group>"; };
		6EC9E8C8251DD61C00922A20 /* TableViewData.swift */ = {isa = PBXFileReference; lastKnownFileType = sourcecode.swift; path = TableViewData.swift; sourceTree = "<group>"; };
		6EE8C08624F6654400A55413 /* PaddingLabel.swift */ = {isa = PBXFileReference; lastKnownFileType = sourcecode.swift; path = PaddingLabel.swift; sourceTree = "<group>"; };
		6EE8C08824F8FFB000A55413 /* TripleRestaurantCustomCell.swift */ = {isa = PBXFileReference; lastKnownFileType = sourcecode.swift; path = TripleRestaurantCustomCell.swift; sourceTree = "<group>"; };
		7306254924F53A5E00DC70C1 /* NilCell.swift */ = {isa = PBXFileReference; lastKnownFileType = sourcecode.swift; path = NilCell.swift; sourceTree = "<group>"; };
		7306254C24F53A8000DC70C1 /* ImageTableViewCell.swift */ = {isa = PBXFileReference; lastKnownFileType = sourcecode.swift; path = ImageTableViewCell.swift; sourceTree = "<group>"; };
		7306254F24F53AD200DC70C1 /* CostView.swift */ = {isa = PBXFileReference; lastKnownFileType = sourcecode.swift; path = CostView.swift; sourceTree = "<group>"; };
		7306255124F53B3D00DC70C1 /* SaleTableViewCell.swift */ = {isa = PBXFileReference; lastKnownFileType = sourcecode.swift; path = SaleTableViewCell.swift; sourceTree = "<group>"; };
		7306255324F53B5D00DC70C1 /* NameTableViewCell.swift */ = {isa = PBXFileReference; lastKnownFileType = sourcecode.swift; path = NameTableViewCell.swift; sourceTree = "<group>"; };
		7306255524F53B7E00DC70C1 /* DetailTableViewCell.swift */ = {isa = PBXFileReference; lastKnownFileType = sourcecode.swift; path = DetailTableViewCell.swift; sourceTree = "<group>"; };
		7306255724F53BA200DC70C1 /* ReviewTableViewCell.swift */ = {isa = PBXFileReference; lastKnownFileType = sourcecode.swift; path = ReviewTableViewCell.swift; sourceTree = "<group>"; };
		7306255A24F53C1200DC70C1 /* CostTableViewCell.swift */ = {isa = PBXFileReference; lastKnownFileType = sourcecode.swift; path = CostTableViewCell.swift; sourceTree = "<group>"; };
		7306255D24F53C5200DC70C1 /* MenuTableViewCell.swift */ = {isa = PBXFileReference; lastKnownFileType = sourcecode.swift; path = MenuTableViewCell.swift; sourceTree = "<group>"; };
		7306255F24F53C6F00DC70C1 /* ListMenuTableViewCell.swift */ = {isa = PBXFileReference; lastKnownFileType = sourcecode.swift; path = ListMenuTableViewCell.swift; sourceTree = "<group>"; };
		7306256224F53CA800DC70C1 /* OptionTableViewCell.swift */ = {isa = PBXFileReference; lastKnownFileType = sourcecode.swift; path = OptionTableViewCell.swift; sourceTree = "<group>"; };
		7306256424F53CC200DC70C1 /* ListOptionTableViewCell.swift */ = {isa = PBXFileReference; lastKnownFileType = sourcecode.swift; path = ListOptionTableViewCell.swift; sourceTree = "<group>"; };
		7306256724F53D0300DC70C1 /* BuyTableViewCell.swift */ = {isa = PBXFileReference; lastKnownFileType = sourcecode.swift; path = BuyTableViewCell.swift; sourceTree = "<group>"; };
		7306256924F53D1B00DC70C1 /* BuyLastTableViewCell.swift */ = {isa = PBXFileReference; lastKnownFileType = sourcecode.swift; path = BuyLastTableViewCell.swift; sourceTree = "<group>"; };
		731B05802510E68E005BC1DC /* OrderVC.swift */ = {isa = PBXFileReference; lastKnownFileType = sourcecode.swift; path = OrderVC.swift; sourceTree = "<group>"; };
		731B05862510E729005BC1DC /* CellModel.swift */ = {isa = PBXFileReference; lastKnownFileType = sourcecode.swift; path = CellModel.swift; sourceTree = "<group>"; };
		731B05882510E75A005BC1DC /* LoginCell.swift */ = {isa = PBXFileReference; lastKnownFileType = sourcecode.swift; path = LoginCell.swift; sourceTree = "<group>"; };
		731B058A2510E77A005BC1DC /* InformationCell.swift */ = {isa = PBXFileReference; lastKnownFileType = sourcecode.swift; path = InformationCell.swift; sourceTree = "<group>"; };
		731B058C2510E79E005BC1DC /* InformationView.swift */ = {isa = PBXFileReference; lastKnownFileType = sourcecode.swift; path = InformationView.swift; sourceTree = "<group>"; };
		731B058E2510E7D5005BC1DC /* CustomOrderCell.swift */ = {isa = PBXFileReference; lastKnownFileType = sourcecode.swift; path = CustomOrderCell.swift; sourceTree = "<group>"; };
		731B05902510E835005BC1DC /* PaywithCell.swift */ = {isa = PBXFileReference; lastKnownFileType = sourcecode.swift; path = PaywithCell.swift; sourceTree = "<group>"; };
		731B05922510E857005BC1DC /* Paywith.swift */ = {isa = PBXFileReference; lastKnownFileType = sourcecode.swift; path = Paywith.swift; sourceTree = "<group>"; };
		731B05942510E88A005BC1DC /* unMembershipCell.swift */ = {isa = PBXFileReference; lastKnownFileType = sourcecode.swift; path = unMembershipCell.swift; sourceTree = "<group>"; };
		731B05962510E8A3005BC1DC /* MembershipCell.swift */ = {isa = PBXFileReference; lastKnownFileType = sourcecode.swift; path = MembershipCell.swift; sourceTree = "<group>"; };
		731B05982510E8BE005BC1DC /* MembershipView.swift */ = {isa = PBXFileReference; lastKnownFileType = sourcecode.swift; path = MembershipView.swift; sourceTree = "<group>"; };
		731B059A2510E8DD005BC1DC /* PointView.swift */ = {isa = PBXFileReference; lastKnownFileType = sourcecode.swift; path = PointView.swift; sourceTree = "<group>"; };
		731B059C2511E708005BC1DC /* OderModel.swift */ = {isa = PBXFileReference; lastKnownFileType = sourcecode.swift; path = OderModel.swift; sourceTree = "<group>"; };
		731B059E2511F45D005BC1DC /* OrderlistCell.swift */ = {isa = PBXFileReference; lastKnownFileType = sourcecode.swift; path = OrderlistCell.swift; sourceTree = "<group>"; };
		731B05A02511FBDA005BC1DC /* ShapeLayerView.swift */ = {isa = PBXFileReference; lastKnownFileType = sourcecode.swift; path = ShapeLayerView.swift; sourceTree = "<group>"; };
		731B05A425120B2E005BC1DC /* miniListCell.swift */ = {isa = PBXFileReference; lastKnownFileType = sourcecode.swift; path = miniListCell.swift; sourceTree = "<group>"; };
		734EE72A2513CA2C0091893C /* paymentCell.swift */ = {isa = PBXFileReference; lastKnownFileType = sourcecode.swift; path = paymentCell.swift; sourceTree = "<group>"; };
		7354B1A324EF9835001903AF /* ColorPiker.swift */ = {isa = PBXFileReference; lastKnownFileType = sourcecode.swift; path = ColorPiker.swift; sourceTree = "<group>"; };
		7354B1A524EFA91B001903AF /* FontModel.swift */ = {isa = PBXFileReference; lastKnownFileType = sourcecode.swift; name = FontModel.swift; path = ../ViewController/ViewControllers/HomeVC/Byun/FontModel.swift; sourceTree = "<group>"; };
		739A42C924F5F7F300A51BE0 /* ShareView.swift */ = {isa = PBXFileReference; lastKnownFileType = sourcecode.swift; path = ShareView.swift; sourceTree = "<group>"; };
		739A42CC24F626DB00A51BE0 /* ShareVC.swift */ = {isa = PBXFileReference; lastKnownFileType = sourcecode.swift; path = ShareVC.swift; sourceTree = "<group>"; };
		739A42CE24F63A0300A51BE0 /* CancelBt.swift */ = {isa = PBXFileReference; lastKnownFileType = sourcecode.swift; path = CancelBt.swift; sourceTree = "<group>"; };
		74F0E0FAD40A790ACA2E0A3A /* Pods-YogiYoCloneIOS.debug.xcconfig */ = {isa = PBXFileReference; includeInIndex = 1; lastKnownFileType = text.xcconfig; name = "Pods-YogiYoCloneIOS.debug.xcconfig"; path = "Target Support Files/Pods-YogiYoCloneIOS/Pods-YogiYoCloneIOS.debug.xcconfig"; sourceTree = "<group>"; };
		8DC8C245D39A5D413C3649C1 /* Pods-YogiYoCloneIOS.release.xcconfig */ = {isa = PBXFileReference; includeInIndex = 1; lastKnownFileType = text.xcconfig; name = "Pods-YogiYoCloneIOS.release.xcconfig"; path = "Target Support Files/Pods-YogiYoCloneIOS/Pods-YogiYoCloneIOS.release.xcconfig"; sourceTree = "<group>"; };
		D303B41824F17C04001701F0 /* FooterView.swift */ = {isa = PBXFileReference; lastKnownFileType = sourcecode.swift; path = FooterView.swift; sourceTree = "<group>"; };
		D307AAE024F268E400225E6A /* SignCell.swift */ = {isa = PBXFileReference; lastKnownFileType = sourcecode.swift; path = SignCell.swift; sourceTree = "<group>"; };
		D307AAE224F26A6B00225E6A /* YoFeedVC.swift */ = {isa = PBXFileReference; lastKnownFileType = sourcecode.swift; path = YoFeedVC.swift; sourceTree = "<group>"; };
		D32F4F2B24F120D100375DB2 /* SegmentCell.swift */ = {isa = PBXFileReference; lastKnownFileType = sourcecode.swift; path = SegmentCell.swift; sourceTree = "<group>"; };
		D32F4F2D24F128DE00375DB2 /* SegmentedExtension.swift */ = {isa = PBXFileReference; lastKnownFileType = sourcecode.swift; path = SegmentedExtension.swift; sourceTree = "<group>"; };
		D32F4F3024F12C5300375DB2 /* API.swift */ = {isa = PBXFileReference; lastKnownFileType = sourcecode.swift; path = API.swift; sourceTree = "<group>"; };
		D33768BE24ECC55C00E0C27A /* HomeVC.swift */ = {isa = PBXFileReference; lastKnownFileType = sourcecode.swift; path = HomeVC.swift; sourceTree = "<group>"; };
		D33768C024ECC72000E0C27A /* LikeVC.swift */ = {isa = PBXFileReference; lastKnownFileType = sourcecode.swift; path = LikeVC.swift; sourceTree = "<group>"; };
		D33768C224ECC78300E0C27A /* SearchVC.swift */ = {isa = PBXFileReference; lastKnownFileType = sourcecode.swift; path = SearchVC.swift; sourceTree = "<group>"; };
		D33768C424ECC83300E0C27A /* HistoryVC.swift */ = {isa = PBXFileReference; lastKnownFileType = sourcecode.swift; path = HistoryVC.swift; sourceTree = "<group>"; };
		D33768C624ECC87700E0C27A /* AccountVC.swift */ = {isa = PBXFileReference; lastKnownFileType = sourcecode.swift; path = AccountVC.swift; sourceTree = "<group>"; };
		D33768D924ECCC3100E0C27A /* StoreListVC.swift */ = {isa = PBXFileReference; lastKnownFileType = sourcecode.swift; path = StoreListVC.swift; sourceTree = "<group>"; };
		D33768DB24ECCC9000E0C27A /* MenuListVC.swift */ = {isa = PBXFileReference; lastKnownFileType = sourcecode.swift; path = MenuListVC.swift; sourceTree = "<group>"; };
		D33768DD24ECCD0B00E0C27A /* DetailMenuVC.swift */ = {isa = PBXFileReference; lastKnownFileType = sourcecode.swift; path = DetailMenuVC.swift; sourceTree = "<group>"; };
		D33EDF2824F27D870033330E /* BannerCell.swift */ = {isa = PBXFileReference; lastKnownFileType = sourcecode.swift; path = BannerCell.swift; sourceTree = "<group>"; };
		D33EDF2A24F281E90033330E /* BottomListCell.swift */ = {isa = PBXFileReference; lastKnownFileType = sourcecode.swift; path = BottomListCell.swift; sourceTree = "<group>"; };
		D35349C924EFFD4A007DA461 /* LabelExtension.swift */ = {isa = PBXFileReference; lastKnownFileType = sourcecode.swift; path = LabelExtension.swift; sourceTree = "<group>"; };
		D368064424F34F5500A7E59D /* LogVC.swift */ = {isa = PBXFileReference; lastKnownFileType = sourcecode.swift; path = LogVC.swift; sourceTree = "<group>"; };
		D368064824F3690600A7E59D /* LogoImageCell.swift */ = {isa = PBXFileReference; lastKnownFileType = sourcecode.swift; path = LogoImageCell.swift; sourceTree = "<group>"; };
		D371D16924F60CA900EB1D2A /* AcceptVC.swift */ = {isa = PBXFileReference; lastKnownFileType = sourcecode.swift; path = AcceptVC.swift; sourceTree = "<group>"; };
		D371D16C24F613CC00EB1D2A /* LogoImageView.swift */ = {isa = PBXFileReference; lastKnownFileType = sourcecode.swift; path = LogoImageView.swift; sourceTree = "<group>"; };
		D371D16E24F614BF00EB1D2A /* DescriptionLabel.swift */ = {isa = PBXFileReference; lastKnownFileType = sourcecode.swift; path = DescriptionLabel.swift; sourceTree = "<group>"; };
		D371D17224F61BB400EB1D2A /* CheckBoxButton.swift */ = {isa = PBXFileReference; lastKnownFileType = sourcecode.swift; path = CheckBoxButton.swift; sourceTree = "<group>"; };
		D371D17424F62D9600EB1D2A /* ButtonExtension.swift */ = {isa = PBXFileReference; lastKnownFileType = sourcecode.swift; path = ButtonExtension.swift; sourceTree = "<group>"; };
		D371D17624F62F6800EB1D2A /* ShowContentButton.swift */ = {isa = PBXFileReference; lastKnownFileType = sourcecode.swift; path = ShowContentButton.swift; sourceTree = "<group>"; };
		D37C9D9F24FA55DB00A7C9F2 /* EmailIDCell.swift */ = {isa = PBXFileReference; lastKnownFileType = sourcecode.swift; path = EmailIDCell.swift; sourceTree = "<group>"; };
		D37C9DA124FA595A00A7C9F2 /* PasswordCell.swift */ = {isa = PBXFileReference; lastKnownFileType = sourcecode.swift; path = PasswordCell.swift; sourceTree = "<group>"; };
		D37C9DA324FA5ADD00A7C9F2 /* PhoneInfoCell.swift */ = {isa = PBXFileReference; lastKnownFileType = sourcecode.swift; path = PhoneInfoCell.swift; sourceTree = "<group>"; };
		D37C9DA524FA5C6E00A7C9F2 /* NickNameCell.swift */ = {isa = PBXFileReference; lastKnownFileType = sourcecode.swift; path = NickNameCell.swift; sourceTree = "<group>"; };
		D37C9DA724FA5CEE00A7C9F2 /* BottomCell.swift */ = {isa = PBXFileReference; lastKnownFileType = sourcecode.swift; path = BottomCell.swift; sourceTree = "<group>"; };
		D37DC88924F7E02C00EFD6A0 /* PhoneAcceptVC.swift */ = {isa = PBXFileReference; lastKnownFileType = sourcecode.swift; path = PhoneAcceptVC.swift; sourceTree = "<group>"; };
		D37DC88C24F7EA0E00EFD6A0 /* TextFieldExtension.swift */ = {isa = PBXFileReference; lastKnownFileType = sourcecode.swift; path = TextFieldExtension.swift; sourceTree = "<group>"; };
		D37F20702513343200AFCAD7 /* DetailMenuListCell.swift */ = {isa = PBXFileReference; lastKnownFileType = sourcecode.swift; path = DetailMenuListCell.swift; sourceTree = "<group>"; };
		D3847ECA24F93F6F00C34792 /* LoggedAccountVC.swift */ = {isa = PBXFileReference; lastKnownFileType = sourcecode.swift; path = LoggedAccountVC.swift; sourceTree = "<group>"; };
		D3847ECD24F9406F00C34792 /* ProfileCell.swift */ = {isa = PBXFileReference; lastKnownFileType = sourcecode.swift; path = ProfileCell.swift; sourceTree = "<group>"; };
		D392C64A24F273D400210829 /* WalletCell.swift */ = {isa = PBXFileReference; lastKnownFileType = sourcecode.swift; path = WalletCell.swift; sourceTree = "<group>"; };
		D3969B5924F2660C0093ACE7 /* ConfigureVC.swift */ = {isa = PBXFileReference; lastKnownFileType = sourcecode.swift; path = ConfigureVC.swift; sourceTree = "<group>"; };
		D3A27B9024F9564F006FCE70 /* SmallBannerCell.swift */ = {isa = PBXFileReference; lastKnownFileType = sourcecode.swift; path = SmallBannerCell.swift; sourceTree = "<group>"; };
		D3A27B9224F95C1F006FCE70 /* ObserveKey.swift */ = {isa = PBXFileReference; lastKnownFileType = sourcecode.swift; path = ObserveKey.swift; sourceTree = "<group>"; };
		D3A27B9424F97B8D006FCE70 /* User.swift */ = {isa = PBXFileReference; lastKnownFileType = sourcecode.swift; path = User.swift; sourceTree = "<group>"; };
		D3A27B9624F98324006FCE70 /* ProfileEditVC.swift */ = {isa = PBXFileReference; lastKnownFileType = sourcecode.swift; path = ProfileEditVC.swift; sourceTree = "<group>"; };
		D3B0636124F7FDE500FF37BA /* TextField.swift */ = {isa = PBXFileReference; lastKnownFileType = sourcecode.swift; path = TextField.swift; sourceTree = "<group>"; };
		D3B0636324F7FE6100FF37BA /* GetCodeButton.swift */ = {isa = PBXFileReference; lastKnownFileType = sourcecode.swift; path = GetCodeButton.swift; sourceTree = "<group>"; };
		D3B0636524F7FEB800FF37BA /* HelpTitleLabel.swift */ = {isa = PBXFileReference; lastKnownFileType = sourcecode.swift; path = HelpTitleLabel.swift; sourceTree = "<group>"; };
		D3B0636724F7FEFF00FF37BA /* FinishButton.swift */ = {isa = PBXFileReference; lastKnownFileType = sourcecode.swift; path = FinishButton.swift; sourceTree = "<group>"; };
		D3B30D53250DF1E4004BEA40 /* MenListService.swift */ = {isa = PBXFileReference; lastKnownFileType = sourcecode.swift; path = MenListService.swift; sourceTree = "<group>"; };
		D3B86E1324F7EEF200044A27 /* YogiYoCloneIOS.entitlements */ = {isa = PBXFileReference; lastKnownFileType = text.plist.entitlements; path = YogiYoCloneIOS.entitlements; sourceTree = "<group>"; };
		D3B86E1424F7F0D300044A27 /* GoogleService-Info.plist */ = {isa = PBXFileReference; fileEncoding = 4; lastKnownFileType = text.plist.xml; path = "GoogleService-Info.plist"; sourceTree = "<group>"; };
		D3B86E1624F7FC1700044A27 /* TitleLabel.swift */ = {isa = PBXFileReference; lastKnownFileType = sourcecode.swift; path = TitleLabel.swift; sourceTree = "<group>"; };
		D3C2672724F36C3500FB29A6 /* LogCell.swift */ = {isa = PBXFileReference; lastKnownFileType = sourcecode.swift; path = LogCell.swift; sourceTree = "<group>"; };
		D3C2672924F386F600FB29A6 /* SocialLogCell.swift */ = {isa = PBXFileReference; lastKnownFileType = sourcecode.swift; path = SocialLogCell.swift; sourceTree = "<group>"; };
		D3C9D54D24F1833000D8E93C /* MenuListCell.swift */ = {isa = PBXFileReference; lastKnownFileType = sourcecode.swift; path = MenuListCell.swift; sourceTree = "<group>"; };
		D3D6C3EF24EF561900B2873B /* StoreInfoCell.swift */ = {isa = PBXFileReference; lastKnownFileType = sourcecode.swift; path = StoreInfoCell.swift; sourceTree = "<group>"; };
		D3D6C3F124EF5D8300B2873B /* HeaderView.swift */ = {isa = PBXFileReference; lastKnownFileType = sourcecode.swift; path = HeaderView.swift; sourceTree = "<group>"; };
		D3D6C3F424EF6ED600B2873B /* StretchHeaderLayout.swift */ = {isa = PBXFileReference; lastKnownFileType = sourcecode.swift; path = StretchHeaderLayout.swift; sourceTree = "<group>"; };
		D3D6C43724EF9CE000B2873B /* StackViewExtension.swift */ = {isa = PBXFileReference; lastKnownFileType = sourcecode.swift; path = StackViewExtension.swift; sourceTree = "<group>"; };
		D3E5F78424EAAFC6001BB6B2 /* YogiYoCloneIOS.app */ = {isa = PBXFileReference; explicitFileType = wrapper.application; includeInIndex = 0; path = YogiYoCloneIOS.app; sourceTree = BUILT_PRODUCTS_DIR; };
		D3E5F78724EAAFC6001BB6B2 /* AppDelegate.swift */ = {isa = PBXFileReference; lastKnownFileType = sourcecode.swift; path = AppDelegate.swift; sourceTree = "<group>"; };
		D3E5F78B24EAAFC6001BB6B2 /* MainTabVC.swift */ = {isa = PBXFileReference; lastKnownFileType = sourcecode.swift; path = MainTabVC.swift; sourceTree = "<group>"; };
		D3E5F79024EAAFC7001BB6B2 /* Assets.xcassets */ = {isa = PBXFileReference; lastKnownFileType = folder.assetcatalog; path = Assets.xcassets; sourceTree = "<group>"; };
		D3E5F79324EAAFC7001BB6B2 /* Base */ = {isa = PBXFileReference; lastKnownFileType = file.storyboard; name = Base; path = Base.lproj/LaunchScreen.storyboard; sourceTree = "<group>"; };
		D3E5F79524EAAFC7001BB6B2 /* Info.plist */ = {isa = PBXFileReference; lastKnownFileType = text.plist.xml; path = Info.plist; sourceTree = "<group>"; };
		D3E641C224F13AEA0019B9AC /* SegMenuCell.swift */ = {isa = PBXFileReference; lastKnownFileType = sourcecode.swift; path = SegMenuCell.swift; sourceTree = "<group>"; };
		D3E641C424F14A500019B9AC /* SegMenuItemCell.swift */ = {isa = PBXFileReference; lastKnownFileType = sourcecode.swift; path = SegMenuItemCell.swift; sourceTree = "<group>"; };
		D3E6EC4924F94560005C4B32 /* BenefitCell.swift */ = {isa = PBXFileReference; lastKnownFileType = sourcecode.swift; path = BenefitCell.swift; sourceTree = "<group>"; };
		D3ECDB7224FDCE2B00DAD53C /* StatusView.swift */ = {isa = PBXFileReference; lastKnownFileType = sourcecode.swift; path = StatusView.swift; sourceTree = "<group>"; };
		D3ECDB7424FDCE9200DAD53C /* MenuListVCBottomView.swift */ = {isa = PBXFileReference; lastKnownFileType = sourcecode.swift; path = MenuListVCBottomView.swift; sourceTree = "<group>"; };
		D3F9EA8D24FA868C0058E501 /* AlertExtension.swift */ = {isa = PBXFileReference; lastKnownFileType = sourcecode.swift; path = AlertExtension.swift; sourceTree = "<group>"; };
		DE21FA6E24F4AC5B004D8A56 /* CustomTopCategoryView.swift */ = {isa = PBXFileReference; lastKnownFileType = sourcecode.swift; path = CustomTopCategoryView.swift; sourceTree = "<group>"; };
		DE21FA7324F55BCB004D8A56 /* CategoryVC.swift */ = {isa = PBXFileReference; lastKnownFileType = sourcecode.swift; name = CategoryVC.swift; path = YogiYoCloneIOS/ViewController/ViewControllers/HomeVC/Siroo/ViewController/CategoryVC.swift; sourceTree = SOURCE_ROOT; };
		DE21FA7724F60435004D8A56 /* StoreListCell.swift */ = {isa = PBXFileReference; lastKnownFileType = sourcecode.swift; name = StoreListCell.swift; path = YogiYoCloneIOS/ViewController/ViewControllers/HomeVC/Siroo/ViewController/StoreListCell.swift; sourceTree = SOURCE_ROOT; };
		DE21FA7924FCD9A9004D8A56 /* StoreinfoFetch.swift */ = {isa = PBXFileReference; lastKnownFileType = sourcecode.swift; path = StoreinfoFetch.swift; sourceTree = "<group>"; };
		DE470358250FD6F400143A6F /* YogiyoPlusCollectionVC.swift */ = {isa = PBXFileReference; lastKnownFileType = sourcecode.swift; path = YogiyoPlusCollectionVC.swift; sourceTree = "<group>"; };
		DE47035A250FD76000143A6F /* StoreListFilterView.swift */ = {isa = PBXFileReference; lastKnownFileType = sourcecode.swift; path = StoreListFilterView.swift; sourceTree = "<group>"; };
		DE8202F1250B378F008537B1 /* YogiyoPlusStoreListVC.swift */ = {isa = PBXFileReference; lastKnownFileType = sourcecode.swift; path = YogiyoPlusStoreListVC.swift; sourceTree = "<group>"; };
		DE9FDA7325135615004654A6 /* Extension.swift */ = {isa = PBXFileReference; lastKnownFileType = sourcecode.swift; path = Extension.swift; sourceTree = "<group>"; };
		DE9FDA7D2513B920004654A6 /* StoreFilterbigView.swift */ = {isa = PBXFileReference; lastKnownFileType = sourcecode.swift; path = StoreFilterbigView.swift; sourceTree = "<group>"; };
		E98FB96A4EAEB5D87559B8B0 /* Pods_YogiYoCloneIOS.framework */ = {isa = PBXFileReference; explicitFileType = wrapper.framework; includeInIndex = 0; path = Pods_YogiYoCloneIOS.framework; sourceTree = BUILT_PRODUCTS_DIR; };
/* End PBXFileReference section */

/* Begin PBXFrameworksBuildPhase section */
		D3E5F78124EAAFC6001BB6B2 /* Frameworks */ = {
			isa = PBXFrameworksBuildPhase;
			buildActionMask = 2147483647;
			files = (
				7F024F53CFF53EFD6A26C0EF /* Pods_YogiYoCloneIOS.framework in Frameworks */,
			);
			runOnlyForDeploymentPostprocessing = 0;
		};
/* End PBXFrameworksBuildPhase section */

/* Begin PBXGroup section */
		6E16560E251232BD00DE7786 /* ViewController */ = {
			isa = PBXGroup;
			children = (
				D33768BE24ECC55C00E0C27A /* HomeVC.swift */,
				6E16561625123C7B00DE7786 /* MapVC.swift */,
				D33768C024ECC72000E0C27A /* LikeVC.swift */,
			);
			path = ViewController;
			sourceTree = "<group>";
		};
		6E16560F251232DC00DE7786 /* Model */ = {
			isa = PBXGroup;
			children = (
				6E1656142512337600DE7786 /* CategoryModel.swift */,
			);
			path = Model;
			sourceTree = "<group>";
		};
		6E1656182513484500DE7786 /* View */ = {
			isa = PBXGroup;
			children = (
				6ED1609F251DB24F009B7F4C /* LikeVC */,
				6ED1609E251DB243009B7F4C /* HomeVC */,
			);
			path = View;
			sourceTree = "<group>";
		};
		6E373A8724EFDA3900BF5678 /* Custom */ = {
			isa = PBXGroup;
			children = (
				6E5B36E3251DCDB400F43A22 /* LikeVC */,
				6E5B36E2251DCDAA00F43A22 /* HomeVC */,
			);
			path = Custom;
			sourceTree = "<group>";
		};
		6E5B36E2251DCDAA00F43A22 /* HomeVC */ = {
			isa = PBXGroup;
			children = (
				6E373A8824F105C400BF5678 /* CategoryCustomCell.swift */,
				6E373A8C24F410D600BF5678 /* RestaurantCustomCell.swift */,
				6E91215824FA50E7003D86F0 /* RestaurantPlusCustomCell.swift */,
				6E91215A24FAC301003D86F0 /* RestaurantNewCustomCell.swift */,
				6EE8C08824F8FFB000A55413 /* TripleRestaurantCustomCell.swift */,
				6EE8C08624F6654400A55413 /* PaddingLabel.swift */,
			);
			path = HomeVC;
			sourceTree = "<group>";
		};
		6E5B36E3251DCDB400F43A22 /* LikeVC */ = {
			isa = PBXGroup;
			children = (
				6E5B36E9251DCE5600F43A22 /* NilViewCustomCell.swift */,
				6EC9E8C5251DD54300922A20 /* LikeViewCustomCell.swift */,
			);
			path = LikeVC;
			sourceTree = "<group>";
		};
		6E5B36F0251DD32800F43A22 /* HomeVC */ = {
			isa = PBXGroup;
			children = (
				6E91215F24FD075E003D86F0 /* CollectionViewData.swift */,
				6E16560C251217EF00DE7786 /* CollectionViewDelegate.swift */,
				6E91216124FD07FC003D86F0 /* CollectionViewFlowLayout.swift */,
			);
			path = HomeVC;
			sourceTree = "<group>";
		};
		6E5B36F1251DD33600F43A22 /* LikeVC */ = {
			isa = PBXGroup;
			children = (
				6EC9E8C8251DD61C00922A20 /* TableViewData.swift */,
			);
			path = LikeVC;
			sourceTree = "<group>";
		};
		6E91215C24FD060E003D86F0 /* Extension */ = {
			isa = PBXGroup;
			children = (
				6E5B36F1251DD33600F43A22 /* LikeVC */,
				6E5B36F0251DD32800F43A22 /* HomeVC */,
			);
			path = Extension;
			sourceTree = "<group>";
		};
		6ED1609E251DB243009B7F4C /* HomeVC */ = {
			isa = PBXGroup;
			children = (
				6E165608250A92A800DE7786 /* BottomView.swift */,
				6E88B18B2515117200A64DDA /* BottomStack.swift */,
				6E88B1852514F77100A64DDA /* CategoryCollection.swift */,
				6E88B1882514FF3500A64DDA /* RecommendCollection.swift */,
				6E6B448D2518C30500A74597 /* BannerView.swift */,
			);
			path = HomeVC;
			sourceTree = "<group>";
		};
		6ED1609F251DB24F009B7F4C /* LikeVC */ = {
			isa = PBXGroup;
			children = (
				6E5B36ED251DCEC000F43A22 /* LikeTableView.swift */,
			);
			path = LikeVC;
			sourceTree = "<group>";
		};
		7306254B24F53A6800DC70C1 /* Section0 */ = {
			isa = PBXGroup;
			children = (
				7306254C24F53A8000DC70C1 /* ImageTableViewCell.swift */,
				7306255124F53B3D00DC70C1 /* SaleTableViewCell.swift */,
				7306255324F53B5D00DC70C1 /* NameTableViewCell.swift */,
				7306255524F53B7E00DC70C1 /* DetailTableViewCell.swift */,
				7306255724F53BA200DC70C1 /* ReviewTableViewCell.swift */,
			);
			path = Section0;
			sourceTree = "<group>";
		};
		7306254E24F53AA400DC70C1 /* View */ = {
			isa = PBXGroup;
			children = (
				7306254F24F53AD200DC70C1 /* CostView.swift */,
				739A42C924F5F7F300A51BE0 /* ShareView.swift */,
				739A42CE24F63A0300A51BE0 /* CancelBt.swift */,
			);
			path = View;
			sourceTree = "<group>";
		};
		7306255924F53BB400DC70C1 /* Section1 */ = {
			isa = PBXGroup;
			children = (
				7306255A24F53C1200DC70C1 /* CostTableViewCell.swift */,
			);
			path = Section1;
			sourceTree = "<group>";
		};
		7306255C24F53C2D00DC70C1 /* Section2 */ = {
			isa = PBXGroup;
			children = (
				7306255D24F53C5200DC70C1 /* MenuTableViewCell.swift */,
				7306255F24F53C6F00DC70C1 /* ListMenuTableViewCell.swift */,
			);
			path = Section2;
			sourceTree = "<group>";
		};
		7306256124F53C8800DC70C1 /* Section3 */ = {
			isa = PBXGroup;
			children = (
				7306256224F53CA800DC70C1 /* OptionTableViewCell.swift */,
				7306256424F53CC200DC70C1 /* ListOptionTableViewCell.swift */,
			);
			path = Section3;
			sourceTree = "<group>";
		};
		7306256624F53CEE00DC70C1 /* Section4 */ = {
			isa = PBXGroup;
			children = (
				7306256724F53D0300DC70C1 /* BuyTableViewCell.swift */,
				7306256924F53D1B00DC70C1 /* BuyLastTableViewCell.swift */,
			);
			path = Section4;
			sourceTree = "<group>";
		};
		731B057E2510E5F0005BC1DC /* OrderVC */ = {
			isa = PBXGroup;
			children = (
				731B05802510E68E005BC1DC /* OrderVC.swift */,
				731B059C2511E708005BC1DC /* OderModel.swift */,
				731B057F2510E62C005BC1DC /* Section0 */,
				731B05822510E6B0005BC1DC /* Section1 */,
				731B05832510E6C0005BC1DC /* Section2 */,
				731B05842510E6C6005BC1DC /* Section3 */,
				731B05852510E6CE005BC1DC /* Section4 */,
				734EE72C2513CA350091893C /* Section5 */,
			);
			path = OrderVC;
			sourceTree = "<group>";
		};
		731B057F2510E62C005BC1DC /* Section0 */ = {
			isa = PBXGroup;
			children = (
				731B05882510E75A005BC1DC /* LoginCell.swift */,
			);
			path = Section0;
			sourceTree = "<group>";
		};
		731B05822510E6B0005BC1DC /* Section1 */ = {
			isa = PBXGroup;
			children = (
				731B058A2510E77A005BC1DC /* InformationCell.swift */,
				731B058C2510E79E005BC1DC /* InformationView.swift */,
				731B058E2510E7D5005BC1DC /* CustomOrderCell.swift */,
			);
			path = Section1;
			sourceTree = "<group>";
		};
		731B05832510E6C0005BC1DC /* Section2 */ = {
			isa = PBXGroup;
			children = (
				731B05902510E835005BC1DC /* PaywithCell.swift */,
				731B05922510E857005BC1DC /* Paywith.swift */,
			);
			path = Section2;
			sourceTree = "<group>";
		};
		731B05842510E6C6005BC1DC /* Section3 */ = {
			isa = PBXGroup;
			children = (
				731B05942510E88A005BC1DC /* unMembershipCell.swift */,
				731B05962510E8A3005BC1DC /* MembershipCell.swift */,
				731B05982510E8BE005BC1DC /* MembershipView.swift */,
				731B059A2510E8DD005BC1DC /* PointView.swift */,
			);
			path = Section3;
			sourceTree = "<group>";
		};
		731B05852510E6CE005BC1DC /* Section4 */ = {
			isa = PBXGroup;
			children = (
				731B059E2511F45D005BC1DC /* OrderlistCell.swift */,
				731B05A425120B2E005BC1DC /* miniListCell.swift */,
				731B05A02511FBDA005BC1DC /* ShapeLayerView.swift */,
			);
			path = Section4;
			sourceTree = "<group>";
		};
		734EE72C2513CA350091893C /* Section5 */ = {
			isa = PBXGroup;
			children = (
				734EE72A2513CA2C0091893C /* paymentCell.swift */,
			);
			path = Section5;
			sourceTree = "<group>";
		};
		739A42CB24F6269300A51BE0 /* DetailVC */ = {
			isa = PBXGroup;
			children = (
				D33768DD24ECCD0B00E0C27A /* DetailMenuVC.swift */,
				739A42CC24F626DB00A51BE0 /* ShareVC.swift */,
				731B05862510E729005BC1DC /* CellModel.swift */,
				7306254E24F53AA400DC70C1 /* View */,
				7306254924F53A5E00DC70C1 /* NilCell.swift */,
				7306254B24F53A6800DC70C1 /* Section0 */,
				7306255924F53BB400DC70C1 /* Section1 */,
				7306255C24F53C2D00DC70C1 /* Section2 */,
				7306256124F53C8800DC70C1 /* Section3 */,
				7306256624F53CEE00DC70C1 /* Section4 */,
			);
			path = DetailVC;
			sourceTree = "<group>";
		};
		8E9DD74491D6B090A37CFBB5 /* Frameworks */ = {
			isa = PBXGroup;
			children = (
				E98FB96A4EAEB5D87559B8B0 /* Pods_YogiYoCloneIOS.framework */,
			);
			name = Frameworks;
			sourceTree = "<group>";
		};
		D307AADF24F268CA00225E6A /* TableViewCell */ = {
			isa = PBXGroup;
			children = (
				D37C9D9E24FA559E00A7C9F2 /* ProfileEditVCCell */,
				D368064624F368DF00A7E59D /* AccountVCCell */,
				D3847ECC24F9406000C34792 /* LoggedAccountVCCell */,
				D368064724F368EC00A7E59D /* LogVCCell */,
			);
			path = TableViewCell;
			sourceTree = "<group>";
		};
		D32F4F2F24F12C4500375DB2 /* Utills */ = {
			isa = PBXGroup;
			children = (
				D32F4F3024F12C5300375DB2 /* API.swift */,
			);
			path = Utills;
			sourceTree = "<group>";
		};
		D33768BD24ECC54E00E0C27A /* ViewController */ = {
			isa = PBXGroup;
			children = (
				D33768C824ECC9C300E0C27A /* MainTabVC */,
				D33768C924ECC9CA00E0C27A /* ViewControllers */,
			);
			path = ViewController;
			sourceTree = "<group>";
		};
		D33768C824ECC9C300E0C27A /* MainTabVC */ = {
			isa = PBXGroup;
			children = (
				D3E5F78B24EAAFC6001BB6B2 /* MainTabVC.swift */,
			);
			path = MainTabVC;
			sourceTree = "<group>";
		};
		D33768C924ECC9CA00E0C27A /* ViewControllers */ = {
			isa = PBXGroup;
			children = (
				D33768D024ECCB3E00E0C27A /* HomeVC */,
				D33768D224ECCB4F00E0C27A /* SearchVC */,
				D33768D324ECCB5900E0C27A /* HistoryVC */,
				D33768D424ECCB6500E0C27A /* AccountVC */,
			);
			path = ViewControllers;
			sourceTree = "<group>";
		};
		D33768CA24ECC9FA00E0C27A /* Model */ = {
			isa = PBXGroup;
			children = (
				7354B1A524EFA91B001903AF /* FontModel.swift */,
				7354B1A324EF9835001903AF /* ColorPiker.swift */,
				6E373A8A24F10DF600BF5678 /* CollectionEdge.swift */,
				6E16560A250AC73900DE7786 /* DataModel.swift */,
				D3A27B9424F97B8D006FCE70 /* User.swift */,
			);
			path = Model;
			sourceTree = "<group>";
		};
		D33768CF24ECCA0D00E0C27A /* Extension */ = {
			isa = PBXGroup;
			children = (
			);
			path = Extension;
			sourceTree = "<group>";
		};
		D33768D024ECCB3E00E0C27A /* HomeVC */ = {
			isa = PBXGroup;
			children = (
				D33768D524ECCBC600E0C27A /* Pyo */,
				D33768D724ECCBED00E0C27A /* Siroo */,
				D33768D624ECCBDF00E0C27A /* Dong */,
				D33768D824ECCBF200E0C27A /* Byun */,
			);
			path = HomeVC;
			sourceTree = "<group>";
		};
		D33768D224ECCB4F00E0C27A /* SearchVC */ = {
			isa = PBXGroup;
			children = (
				D33768C224ECC78300E0C27A /* SearchVC.swift */,
			);
			path = SearchVC;
			sourceTree = "<group>";
		};
		D33768D324ECCB5900E0C27A /* HistoryVC */ = {
			isa = PBXGroup;
			children = (
				D33768C424ECC83300E0C27A /* HistoryVC.swift */,
			);
			path = HistoryVC;
			sourceTree = "<group>";
		};
		D33768D424ECCB6500E0C27A /* AccountVC */ = {
			isa = PBXGroup;
			children = (
				D3969B5724F25E3C0093ACE7 /* Dong */,
			);
			path = AccountVC;
			sourceTree = "<group>";
		};
		D33768D524ECCBC600E0C27A /* Pyo */ = {
			isa = PBXGroup;
			children = (
				6E1656182513484500DE7786 /* View */,
				6E16560F251232DC00DE7786 /* Model */,
				6E16560E251232BD00DE7786 /* ViewController */,
				6E91215C24FD060E003D86F0 /* Extension */,
				6E373A8724EFDA3900BF5678 /* Custom */,
			);
			path = Pyo;
			sourceTree = "<group>";
		};
		D33768D624ECCBDF00E0C27A /* Dong */ = {
			isa = PBXGroup;
			children = (
				D3B30D52250DF1D4004BEA40 /* MenListService */,
				D3ECDB7124FDCE2200DAD53C /* View */,
				D3F5326424F18FE800C25B58 /* Model */,
				D3D6C43624EF9CC700B2873B /* Extension */,
				D3EFBAB824EECA6D00E08196 /* ViewController */,
				D3D6C3F324EF6EC400B2873B /* Custom */,
				D3D6C3EE24EF55DF00B2873B /* CollectionViewCell */,
				D3D6C3EB24EECD7500B2873B /* TableViewCell */,
			);
			path = Dong;
			sourceTree = "<group>";
		};
		D33768D724ECCBED00E0C27A /* Siroo */ = {
			isa = PBXGroup;
			children = (
				DE21FA6D24F4AC14004D8A56 /* View */,
				DE21FA6C24F4AC08004D8A56 /* ViewController */,
				DE9FDA762513561E004654A6 /* Extension */,
				DE8202F3250B4591008537B1 /* Service */,
			);
			path = Siroo;
			sourceTree = "<group>";
		};
		D33768D824ECCBF200E0C27A /* Byun */ = {
			isa = PBXGroup;
			children = (
				731B057E2510E5F0005BC1DC /* OrderVC */,
				739A42CB24F6269300A51BE0 /* DetailVC */,
			);
			path = Byun;
			sourceTree = "<group>";
		};
		D368064624F368DF00A7E59D /* AccountVCCell */ = {
			isa = PBXGroup;
			children = (
				D307AAE024F268E400225E6A /* SignCell.swift */,
				D392C64A24F273D400210829 /* WalletCell.swift */,
				D33EDF2824F27D870033330E /* BannerCell.swift */,
				D33EDF2A24F281E90033330E /* BottomListCell.swift */,
			);
			path = AccountVCCell;
			sourceTree = "<group>";
		};
		D368064724F368EC00A7E59D /* LogVCCell */ = {
			isa = PBXGroup;
			children = (
				D368064824F3690600A7E59D /* LogoImageCell.swift */,
				D3C2672724F36C3500FB29A6 /* LogCell.swift */,
				D3C2672924F386F600FB29A6 /* SocialLogCell.swift */,
			);
			path = LogVCCell;
			sourceTree = "<group>";
		};
		D371D16B24F6138000EB1D2A /* View */ = {
			isa = PBXGroup;
			children = (
				D371D16C24F613CC00EB1D2A /* LogoImageView.swift */,
				D371D16E24F614BF00EB1D2A /* DescriptionLabel.swift */,
				D371D17224F61BB400EB1D2A /* CheckBoxButton.swift */,
				D371D17624F62F6800EB1D2A /* ShowContentButton.swift */,
				D3B86E1624F7FC1700044A27 /* TitleLabel.swift */,
				D3B0636124F7FDE500FF37BA /* TextField.swift */,
				D3B0636324F7FE6100FF37BA /* GetCodeButton.swift */,
				D3B0636524F7FEB800FF37BA /* HelpTitleLabel.swift */,
				D3B0636724F7FEFF00FF37BA /* FinishButton.swift */,
			);
			path = View;
			sourceTree = "<group>";
		};
		D37C9D9E24FA559E00A7C9F2 /* ProfileEditVCCell */ = {
			isa = PBXGroup;
			children = (
				D37C9D9F24FA55DB00A7C9F2 /* EmailIDCell.swift */,
				D37C9DA124FA595A00A7C9F2 /* PasswordCell.swift */,
				D37C9DA324FA5ADD00A7C9F2 /* PhoneInfoCell.swift */,
				D37C9DA524FA5C6E00A7C9F2 /* NickNameCell.swift */,
				D37C9DA724FA5CEE00A7C9F2 /* BottomCell.swift */,
			);
			path = ProfileEditVCCell;
			sourceTree = "<group>";
		};
		D3847ECC24F9406000C34792 /* LoggedAccountVCCell */ = {
			isa = PBXGroup;
			children = (
				D3847ECD24F9406F00C34792 /* ProfileCell.swift */,
				D3E6EC4924F94560005C4B32 /* BenefitCell.swift */,
				D3A27B9024F9564F006FCE70 /* SmallBannerCell.swift */,
			);
			path = LoggedAccountVCCell;
			sourceTree = "<group>";
		};
		D3969B5724F25E3C0093ACE7 /* Dong */ = {
			isa = PBXGroup;
			children = (
				D371D16B24F6138000EB1D2A /* View */,
				D307AADF24F268CA00225E6A /* TableViewCell */,
				D3969B5824F265FC0093ACE7 /* ViewController */,
			);
			path = Dong;
			sourceTree = "<group>";
		};
		D3969B5824F265FC0093ACE7 /* ViewController */ = {
			isa = PBXGroup;
			children = (
				D33768C624ECC87700E0C27A /* AccountVC.swift */,
				D3847ECA24F93F6F00C34792 /* LoggedAccountVC.swift */,
				D307AAE224F26A6B00225E6A /* YoFeedVC.swift */,
				D3969B5924F2660C0093ACE7 /* ConfigureVC.swift */,
				D368064424F34F5500A7E59D /* LogVC.swift */,
				D371D16924F60CA900EB1D2A /* AcceptVC.swift */,
				D37DC88924F7E02C00EFD6A0 /* PhoneAcceptVC.swift */,
				D3A27B9624F98324006FCE70 /* ProfileEditVC.swift */,
			);
			path = ViewController;
			sourceTree = "<group>";
		};
		D3B30D52250DF1D4004BEA40 /* MenListService */ = {
			isa = PBXGroup;
			children = (
				D3B30D53250DF1E4004BEA40 /* MenListService.swift */,
			);
			path = MenListService;
			sourceTree = "<group>";
		};
		D3D6C3EB24EECD7500B2873B /* TableViewCell */ = {
			isa = PBXGroup;
			children = (
				D3C9D54D24F1833000D8E93C /* MenuListCell.swift */,
				D37F20702513343200AFCAD7 /* DetailMenuListCell.swift */,
			);
			path = TableViewCell;
			sourceTree = "<group>";
		};
		D3D6C3EE24EF55DF00B2873B /* CollectionViewCell */ = {
			isa = PBXGroup;
			children = (
				D3D6C3F124EF5D8300B2873B /* HeaderView.swift */,
				D303B41824F17C04001701F0 /* FooterView.swift */,
				D3D6C3EF24EF561900B2873B /* StoreInfoCell.swift */,
				D32F4F2B24F120D100375DB2 /* SegmentCell.swift */,
				D3E641C224F13AEA0019B9AC /* SegMenuCell.swift */,
				D3E641C424F14A500019B9AC /* SegMenuItemCell.swift */,
			);
			path = CollectionViewCell;
			sourceTree = "<group>";
		};
		D3D6C3F324EF6EC400B2873B /* Custom */ = {
			isa = PBXGroup;
			children = (
				D3D6C3F424EF6ED600B2873B /* StretchHeaderLayout.swift */,
			);
			path = Custom;
			sourceTree = "<group>";
		};
		D3D6C43624EF9CC700B2873B /* Extension */ = {
			isa = PBXGroup;
			children = (
				D3D6C43724EF9CE000B2873B /* StackViewExtension.swift */,
				D35349C924EFFD4A007DA461 /* LabelExtension.swift */,
				D32F4F2D24F128DE00375DB2 /* SegmentedExtension.swift */,
				D371D17424F62D9600EB1D2A /* ButtonExtension.swift */,
				D37DC88C24F7EA0E00EFD6A0 /* TextFieldExtension.swift */,
				D3A27B9224F95C1F006FCE70 /* ObserveKey.swift */,
				D3F9EA8D24FA868C0058E501 /* AlertExtension.swift */,
			);
			path = Extension;
			sourceTree = "<group>";
		};
		D3E5F77B24EAAFC6001BB6B2 = {
			isa = PBXGroup;
			children = (
				D3E5F78624EAAFC6001BB6B2 /* YogiYoCloneIOS */,
				D3E5F78524EAAFC6001BB6B2 /* Products */,
				FA341AF98EB3983C322BD832 /* Pods */,
				8E9DD74491D6B090A37CFBB5 /* Frameworks */,
			);
			sourceTree = "<group>";
		};
		D3E5F78524EAAFC6001BB6B2 /* Products */ = {
			isa = PBXGroup;
			children = (
				D3E5F78424EAAFC6001BB6B2 /* YogiYoCloneIOS.app */,
			);
			name = Products;
			sourceTree = "<group>";
		};
		D3E5F78624EAAFC6001BB6B2 /* YogiYoCloneIOS */ = {
			isa = PBXGroup;
			children = (
				D3B86E1324F7EEF200044A27 /* YogiYoCloneIOS.entitlements */,
				D32F4F2F24F12C4500375DB2 /* Utills */,
				D33768CF24ECCA0D00E0C27A /* Extension */,
				D33768CA24ECC9FA00E0C27A /* Model */,
				D33768BD24ECC54E00E0C27A /* ViewController */,
				D3E5F78724EAAFC6001BB6B2 /* AppDelegate.swift */,
				D3E5F79024EAAFC7001BB6B2 /* Assets.xcassets */,
				D3B86E1424F7F0D300044A27 /* GoogleService-Info.plist */,
				D3E5F79224EAAFC7001BB6B2 /* LaunchScreen.storyboard */,
				D3E5F79524EAAFC7001BB6B2 /* Info.plist */,
			);
			path = YogiYoCloneIOS;
			sourceTree = "<group>";
		};
		D3ECDB7124FDCE2200DAD53C /* View */ = {
			isa = PBXGroup;
			children = (
				D3ECDB7224FDCE2B00DAD53C /* StatusView.swift */,
				D3ECDB7424FDCE9200DAD53C /* MenuListVCBottomView.swift */,
			);
			path = View;
			sourceTree = "<group>";
		};
		D3EFBAB824EECA6D00E08196 /* ViewController */ = {
			isa = PBXGroup;
			children = (
				D33768DB24ECCC9000E0C27A /* MenuListVC.swift */,
			);
			path = ViewController;
			sourceTree = "<group>";
		};
		D3F5326424F18FE800C25B58 /* Model */ = {
			isa = PBXGroup;
			children = (
			);
			path = Model;
			sourceTree = "<group>";
		};
		DE21FA6C24F4AC08004D8A56 /* ViewController */ = {
			isa = PBXGroup;
			children = (
				D33768D924ECCC3100E0C27A /* StoreListVC.swift */,
				DE8202F1250B378F008537B1 /* YogiyoPlusStoreListVC.swift */,
				DE21FA7224F55B8B004D8A56 /* CategoryVC */,
			);
			path = ViewController;
			sourceTree = "<group>";
		};
		DE21FA6D24F4AC14004D8A56 /* View */ = {
			isa = PBXGroup;
			children = (
				DE21FA6E24F4AC5B004D8A56 /* CustomTopCategoryView.swift */,
				DE21FA7724F60435004D8A56 /* StoreListCell.swift */,
				DE47035A250FD76000143A6F /* StoreListFilterView.swift */,
				DE9FDA7D2513B920004654A6 /* StoreFilterbigView.swift */,
			);
			path = View;
			sourceTree = "<group>";
		};
		DE21FA7224F55B8B004D8A56 /* CategoryVC */ = {
			isa = PBXGroup;
			children = (
				DE21FA7324F55BCB004D8A56 /* CategoryVC.swift */,
				DE470358250FD6F400143A6F /* YogiyoPlusCollectionVC.swift */,
			);
			path = CategoryVC;
			sourceTree = "<group>";
		};
		DE8202F3250B4591008537B1 /* Service */ = {
			isa = PBXGroup;
			children = (
				DE21FA7924FCD9A9004D8A56 /* StoreinfoFetch.swift */,
			);
			path = Service;
			sourceTree = "<group>";
		};
		DE9FDA762513561E004654A6 /* Extension */ = {
			isa = PBXGroup;
			children = (
				DE9FDA7325135615004654A6 /* Extension.swift */,
			);
			path = Extension;
			sourceTree = "<group>";
		};
		FA341AF98EB3983C322BD832 /* Pods */ = {
			isa = PBXGroup;
			children = (
				74F0E0FAD40A790ACA2E0A3A /* Pods-YogiYoCloneIOS.debug.xcconfig */,
				8DC8C245D39A5D413C3649C1 /* Pods-YogiYoCloneIOS.release.xcconfig */,
			);
			path = Pods;
			sourceTree = "<group>";
		};
/* End PBXGroup section */

/* Begin PBXNativeTarget section */
		D3E5F78324EAAFC6001BB6B2 /* YogiYoCloneIOS */ = {
			isa = PBXNativeTarget;
			buildConfigurationList = D3E5F79824EAAFC7001BB6B2 /* Build configuration list for PBXNativeTarget "YogiYoCloneIOS" */;
			buildPhases = (
				BBF023B12A0EA314382A265C /* [CP] Check Pods Manifest.lock */,
				D3E5F78024EAAFC6001BB6B2 /* Sources */,
				D3E5F78124EAAFC6001BB6B2 /* Frameworks */,
				D3E5F78224EAAFC6001BB6B2 /* Resources */,
				BFB8B7C77B2E9A7D5E59663A /* [CP] Embed Pods Frameworks */,
			);
			buildRules = (
			);
			dependencies = (
			);
			name = YogiYoCloneIOS;
			productName = YogiYoCloneIOS;
			productReference = D3E5F78424EAAFC6001BB6B2 /* YogiYoCloneIOS.app */;
			productType = "com.apple.product-type.application";
		};
/* End PBXNativeTarget section */

/* Begin PBXProject section */
		D3E5F77C24EAAFC6001BB6B2 /* Project object */ = {
			isa = PBXProject;
			attributes = {
				LastSwiftUpdateCheck = 1160;
				LastUpgradeCheck = 1160;
				ORGANIZATIONNAME = "김동현";
				TargetAttributes = {
					D3E5F78324EAAFC6001BB6B2 = {
						CreatedOnToolsVersion = 11.6;
					};
				};
			};
			buildConfigurationList = D3E5F77F24EAAFC6001BB6B2 /* Build configuration list for PBXProject "YogiYoCloneIOS" */;
			compatibilityVersion = "Xcode 9.3";
			developmentRegion = en;
			hasScannedForEncodings = 0;
			knownRegions = (
				en,
				Base,
			);
			mainGroup = D3E5F77B24EAAFC6001BB6B2;
			productRefGroup = D3E5F78524EAAFC6001BB6B2 /* Products */;
			projectDirPath = "";
			projectRoot = "";
			targets = (
				D3E5F78324EAAFC6001BB6B2 /* YogiYoCloneIOS */,
			);
		};
/* End PBXProject section */

/* Begin PBXResourcesBuildPhase section */
		D3E5F78224EAAFC6001BB6B2 /* Resources */ = {
			isa = PBXResourcesBuildPhase;
			buildActionMask = 2147483647;
			files = (
				D3E5F79424EAAFC7001BB6B2 /* LaunchScreen.storyboard in Resources */,
				D3E5F79124EAAFC7001BB6B2 /* Assets.xcassets in Resources */,
				D3B86E1524F7F0D300044A27 /* GoogleService-Info.plist in Resources */,
			);
			runOnlyForDeploymentPostprocessing = 0;
		};
/* End PBXResourcesBuildPhase section */

/* Begin PBXShellScriptBuildPhase section */
		BBF023B12A0EA314382A265C /* [CP] Check Pods Manifest.lock */ = {
			isa = PBXShellScriptBuildPhase;
			buildActionMask = 2147483647;
			files = (
			);
			inputFileListPaths = (
			);
			inputPaths = (
				"${PODS_PODFILE_DIR_PATH}/Podfile.lock",
				"${PODS_ROOT}/Manifest.lock",
			);
			name = "[CP] Check Pods Manifest.lock";
			outputFileListPaths = (
			);
			outputPaths = (
				"$(DERIVED_FILE_DIR)/Pods-YogiYoCloneIOS-checkManifestLockResult.txt",
			);
			runOnlyForDeploymentPostprocessing = 0;
			shellPath = /bin/sh;
			shellScript = "diff \"${PODS_PODFILE_DIR_PATH}/Podfile.lock\" \"${PODS_ROOT}/Manifest.lock\" > /dev/null\nif [ $? != 0 ] ; then\n    # print error to STDERR\n    echo \"error: The sandbox is not in sync with the Podfile.lock. Run 'pod install' or update your CocoaPods installation.\" >&2\n    exit 1\nfi\n# This output is used by Xcode 'outputs' to avoid re-running this script phase.\necho \"SUCCESS\" > \"${SCRIPT_OUTPUT_FILE_0}\"\n";
			showEnvVarsInLog = 0;
		};
		BFB8B7C77B2E9A7D5E59663A /* [CP] Embed Pods Frameworks */ = {
			isa = PBXShellScriptBuildPhase;
			buildActionMask = 2147483647;
			files = (
			);
			inputFileListPaths = (
				"${PODS_ROOT}/Target Support Files/Pods-YogiYoCloneIOS/Pods-YogiYoCloneIOS-frameworks-${CONFIGURATION}-input-files.xcfilelist",
			);
			name = "[CP] Embed Pods Frameworks";
			outputFileListPaths = (
				"${PODS_ROOT}/Target Support Files/Pods-YogiYoCloneIOS/Pods-YogiYoCloneIOS-frameworks-${CONFIGURATION}-output-files.xcfilelist",
			);
			runOnlyForDeploymentPostprocessing = 0;
			shellPath = /bin/sh;
			shellScript = "\"${PODS_ROOT}/Target Support Files/Pods-YogiYoCloneIOS/Pods-YogiYoCloneIOS-frameworks.sh\"\n";
			showEnvVarsInLog = 0;
		};
/* End PBXShellScriptBuildPhase section */

/* Begin PBXSourcesBuildPhase section */
		D3E5F78024EAAFC6001BB6B2 /* Sources */ = {
			isa = PBXSourcesBuildPhase;
			buildActionMask = 2147483647;
			files = (
				D33768BF24ECC55C00E0C27A /* HomeVC.swift in Sources */,
				D33768C524ECC83300E0C27A /* HistoryVC.swift in Sources */,
				D3A27B9724F98324006FCE70 /* ProfileEditVC.swift in Sources */,
				D371D16A24F60CA900EB1D2A /* AcceptVC.swift in Sources */,
				6E373A8924F105C400BF5678 /* CategoryCustomCell.swift in Sources */,
				DE470359250FD6F400143A6F /* YogiyoPlusCollectionVC.swift in Sources */,
				6E91216224FD07FC003D86F0 /* CollectionViewFlowLayout.swift in Sources */,
				739A42CA24F5F7F300A51BE0 /* ShareView.swift in Sources */,
				DE9FDA7425135615004654A6 /* Extension.swift in Sources */,
				6E16560B250AC73900DE7786 /* DataModel.swift in Sources */,
				731B058B2510E77A005BC1DC /* InformationCell.swift in Sources */,
				6E6B448E2518C30500A74597 /* BannerView.swift in Sources */,
				6E88B18C2515117200A64DDA /* BottomStack.swift in Sources */,
				D368064924F3690600A7E59D /* LogoImageCell.swift in Sources */,
				D35349CA24EFFD4A007DA461 /* LabelExtension.swift in Sources */,
				D3D6C3F024EF561900B2873B /* StoreInfoCell.swift in Sources */,
				D3D6C3F524EF6ED600B2873B /* StretchHeaderLayout.swift in Sources */,
				D371D17724F62F6800EB1D2A /* ShowContentButton.swift in Sources */,
				6EC9E8C9251DD61C00922A20 /* TableViewData.swift in Sources */,
				DE8202F2250B378F008537B1 /* YogiyoPlusStoreListVC.swift in Sources */,
				D371D16F24F614BF00EB1D2A /* DescriptionLabel.swift in Sources */,
				D3B0636424F7FE6100FF37BA /* GetCodeButton.swift in Sources */,
				D33768DE24ECCD0B00E0C27A /* DetailMenuVC.swift in Sources */,
				D37F20712513343200AFCAD7 /* DetailMenuListCell.swift in Sources */,
				7306256A24F53D1B00DC70C1 /* BuyLastTableViewCell.swift in Sources */,
				D3D6C43824EF9CE000B2873B /* StackViewExtension.swift in Sources */,
				731B059D2511E708005BC1DC /* OderModel.swift in Sources */,
				D3E641C324F13AEA0019B9AC /* SegMenuCell.swift in Sources */,
				7306254A24F53A5E00DC70C1 /* NilCell.swift in Sources */,
				D3969B5A24F2660C0093ACE7 /* ConfigureVC.swift in Sources */,
				731B05952510E88A005BC1DC /* unMembershipCell.swift in Sources */,
				6E91216024FD075E003D86F0 /* CollectionViewData.swift in Sources */,
				D33768C324ECC78300E0C27A /* SearchVC.swift in Sources */,
				731B05912510E835005BC1DC /* PaywithCell.swift in Sources */,
				D33EDF2924F27D870033330E /* BannerCell.swift in Sources */,
				D3B0636824F7FEFF00FF37BA /* FinishButton.swift in Sources */,
				D33768C724ECC87700E0C27A /* AccountVC.swift in Sources */,
				D3847ECB24F93F6F00C34792 /* LoggedAccountVC.swift in Sources */,
				DE21FA7A24FCD9A9004D8A56 /* StoreinfoFetch.swift in Sources */,
				D371D17324F61BB400EB1D2A /* CheckBoxButton.swift in Sources */,
				7354B1A624EFA91B001903AF /* FontModel.swift in Sources */,
				731B059F2511F45D005BC1DC /* OrderlistCell.swift in Sources */,
				D3B0636624F7FEB800FF37BA /* HelpTitleLabel.swift in Sources */,
				D3E641C524F14A500019B9AC /* SegMenuItemCell.swift in Sources */,
				7306255624F53B7E00DC70C1 /* DetailTableViewCell.swift in Sources */,
				731B05A12511FBDA005BC1DC /* ShapeLayerView.swift in Sources */,
				7354B1A424EF9836001903AF /* ColorPiker.swift in Sources */,
				D33768C124ECC72000E0C27A /* LikeVC.swift in Sources */,
				7306255824F53BA200DC70C1 /* ReviewTableViewCell.swift in Sources */,
				D37C9DA024FA55DB00A7C9F2 /* EmailIDCell.swift in Sources */,
				D368064524F34F5500A7E59D /* LogVC.swift in Sources */,
				D3B30D54250DF1E4004BEA40 /* MenListService.swift in Sources */,
				D37C9DA224FA595A00A7C9F2 /* PasswordCell.swift in Sources */,
				6E1656152512337600DE7786 /* CategoryModel.swift in Sources */,
				7306255B24F53C1200DC70C1 /* CostTableViewCell.swift in Sources */,
				D3C9D54E24F1833000D8E93C /* MenuListCell.swift in Sources */,
				D3C2672A24F386F600FB29A6 /* SocialLogCell.swift in Sources */,
				7306255E24F53C5200DC70C1 /* MenuTableViewCell.swift in Sources */,
				D33EDF2B24F281E90033330E /* BottomListCell.swift in Sources */,
				D3C2672824F36C3500FB29A6 /* LogCell.swift in Sources */,
				731B05932510E857005BC1DC /* Paywith.swift in Sources */,
				DE9FDA7E2513B920004654A6 /* StoreFilterbigView.swift in Sources */,
				731B05892510E75A005BC1DC /* LoginCell.swift in Sources */,
				D33768DC24ECCC9000E0C27A /* MenuListVC.swift in Sources */,
				6E88B1892514FF3500A64DDA /* RecommendCollection.swift in Sources */,
				D3E6EC4A24F94560005C4B32 /* BenefitCell.swift in Sources */,
				DE47035B250FD76000143A6F /* StoreListFilterView.swift in Sources */,
				D37C9DA824FA5CEE00A7C9F2 /* BottomCell.swift in Sources */,
				6E5B36EA251DCE5600F43A22 /* NilViewCustomCell.swift in Sources */,
				6EE8C08924F8FFB000A55413 /* TripleRestaurantCustomCell.swift in Sources */,
				6E91215924FA50E7003D86F0 /* RestaurantPlusCustomCell.swift in Sources */,
				6EC9E8C6251DD54300922A20 /* LikeViewCustomCell.swift in Sources */,
				DE21FA6F24F4AC5B004D8A56 /* CustomTopCategoryView.swift in Sources */,
				731B05812510E68E005BC1DC /* OrderVC.swift in Sources */,
				D37C9DA824FA5CEE00A7C9F2 /* BottomCell.swift in Sources */,
				6EE8C08924F8FFB000A55413 /* TripleRestaurantCustomCell.swift in Sources */,
				6E91215924FA50E7003D86F0 /* RestaurantPlusCustomCell.swift in Sources */,
				DE21FA6F24F4AC5B004D8A56 /* CustomTopCategoryView.swift in Sources */,
				731B05972510E8A3005BC1DC /* MembershipCell.swift in Sources */,
				D392C64B24F273D400210829 /* WalletCell.swift in Sources */,
				D3E5F78C24EAAFC6001BB6B2 /* MainTabVC.swift in Sources */,
				6E91215B24FAC301003D86F0 /* RestaurantNewCustomCell.swift in Sources */,
				7306255024F53AD200DC70C1 /* CostView.swift in Sources */,
				D3ECDB7324FDCE2B00DAD53C /* StatusView.swift in Sources */,
				6E373A8B24F10DF600BF5678 /* CollectionEdge.swift in Sources */,
				D33768DA24ECCC3100E0C27A /* StoreListVC.swift in Sources */,
				6EE8C08724F6654400A55413 /* PaddingLabel.swift in Sources */,
				D371D17524F62D9600EB1D2A /* ButtonExtension.swift in Sources */,
				D32F4F3124F12C5300375DB2 /* API.swift in Sources */,
				DE21FA7424F55BCB004D8A56 /* CategoryVC.swift in Sources */,
				D32F4F2C24F120D100375DB2 /* SegmentCell.swift in Sources */,
				7306254D24F53A8000DC70C1 /* ImageTableViewCell.swift in Sources */,
				6E16560D251217EF00DE7786 /* CollectionViewDelegate.swift in Sources */,
				D307AAE324F26A6B00225E6A /* YoFeedVC.swift in Sources */,
				7306256824F53D0300DC70C1 /* BuyTableViewCell.swift in Sources */,
				6E165609250A92A800DE7786 /* BottomView.swift in Sources */,
				D37DC88D24F7EA0E00EFD6A0 /* TextFieldExtension.swift in Sources */,
				7306255224F53B3D00DC70C1 /* SaleTableViewCell.swift in Sources */,
				6E88B1862514F77100A64DDA /* CategoryCollection.swift in Sources */,
				D3A27B9524F97B8D006FCE70 /* User.swift in Sources */,
				D3B86E1724F7FC1700044A27 /* TitleLabel.swift in Sources */,
				7306256024F53C6F00DC70C1 /* ListMenuTableViewCell.swift in Sources */,
				D3B0636224F7FDE500FF37BA /* TextField.swift in Sources */,
				734EE72B2513CA2C0091893C /* paymentCell.swift in Sources */,
				731B05872510E729005BC1DC /* CellModel.swift in Sources */,
				D37DC88A24F7E02C00EFD6A0 /* PhoneAcceptVC.swift in Sources */,
				739A42CD24F626DB00A51BE0 /* ShareVC.swift in Sources */,
				D3E5F78824EAAFC6001BB6B2 /* AppDelegate.swift in Sources */,
				D37C9DA424FA5ADD00A7C9F2 /* PhoneInfoCell.swift in Sources */,
				DE21FA7824F60435004D8A56 /* StoreListCell.swift in Sources */,
				7306255424F53B5D00DC70C1 /* NameTableViewCell.swift in Sources */,
				731B05992510E8BE005BC1DC /* MembershipView.swift in Sources */,
				7306256524F53CC200DC70C1 /* ListOptionTableViewCell.swift in Sources */,
				6E5B36EE251DCEC000F43A22 /* LikeTableView.swift in Sources */,
				731B05A525120B2E005BC1DC /* miniListCell.swift in Sources */,
				D32F4F2E24F128DE00375DB2 /* SegmentedExtension.swift in Sources */,
				D3F9EA8E24FA868C0058E501 /* AlertExtension.swift in Sources */,
				D37C9DA624FA5C6E00A7C9F2 /* NickNameCell.swift in Sources */,
				D3847ECE24F9406F00C34792 /* ProfileCell.swift in Sources */,
				D3D6C3F224EF5D8300B2873B /* HeaderView.swift in Sources */,
				D3ECDB7524FDCE9200DAD53C /* MenuListVCBottomView.swift in Sources */,
				D371D16D24F613CC00EB1D2A /* LogoImageView.swift in Sources */,
				6E16561725123C7B00DE7786 /* MapVC.swift in Sources */,
				6E373A8D24F410D600BF5678 /* RestaurantCustomCell.swift in Sources */,
				731B059B2510E8DD005BC1DC /* PointView.swift in Sources */,
				D3A27B9324F95C1F006FCE70 /* ObserveKey.swift in Sources */,
				D303B41924F17C04001701F0 /* FooterView.swift in Sources */,
				739A42CF24F63A0400A51BE0 /* CancelBt.swift in Sources */,
				731B058F2510E7D5005BC1DC /* CustomOrderCell.swift in Sources */,
				D3A27B9124F9564F006FCE70 /* SmallBannerCell.swift in Sources */,
				731B058D2510E79E005BC1DC /* InformationView.swift in Sources */,
				7306256324F53CA800DC70C1 /* OptionTableViewCell.swift in Sources */,
				D307AAE124F268E400225E6A /* SignCell.swift in Sources */,
			);
			runOnlyForDeploymentPostprocessing = 0;
		};
/* End PBXSourcesBuildPhase section */

/* Begin PBXVariantGroup section */
		D3E5F79224EAAFC7001BB6B2 /* LaunchScreen.storyboard */ = {
			isa = PBXVariantGroup;
			children = (
				D3E5F79324EAAFC7001BB6B2 /* Base */,
			);
			name = LaunchScreen.storyboard;
			sourceTree = "<group>";
		};
/* End PBXVariantGroup section */

/* Begin XCBuildConfiguration section */
		D3E5F79624EAAFC7001BB6B2 /* Debug */ = {
			isa = XCBuildConfiguration;
			buildSettings = {
				ALWAYS_SEARCH_USER_PATHS = NO;
				CLANG_ANALYZER_NONNULL = YES;
				CLANG_ANALYZER_NUMBER_OBJECT_CONVERSION = YES_AGGRESSIVE;
				CLANG_CXX_LANGUAGE_STANDARD = "gnu++14";
				CLANG_CXX_LIBRARY = "libc++";
				CLANG_ENABLE_MODULES = YES;
				CLANG_ENABLE_OBJC_ARC = YES;
				CLANG_ENABLE_OBJC_WEAK = YES;
				CLANG_WARN_BLOCK_CAPTURE_AUTORELEASING = YES;
				CLANG_WARN_BOOL_CONVERSION = YES;
				CLANG_WARN_COMMA = YES;
				CLANG_WARN_CONSTANT_CONVERSION = YES;
				CLANG_WARN_DEPRECATED_OBJC_IMPLEMENTATIONS = YES;
				CLANG_WARN_DIRECT_OBJC_ISA_USAGE = YES_ERROR;
				CLANG_WARN_DOCUMENTATION_COMMENTS = YES;
				CLANG_WARN_EMPTY_BODY = YES;
				CLANG_WARN_ENUM_CONVERSION = YES;
				CLANG_WARN_INFINITE_RECURSION = YES;
				CLANG_WARN_INT_CONVERSION = YES;
				CLANG_WARN_NON_LITERAL_NULL_CONVERSION = YES;
				CLANG_WARN_OBJC_IMPLICIT_RETAIN_SELF = YES;
				CLANG_WARN_OBJC_LITERAL_CONVERSION = YES;
				CLANG_WARN_OBJC_ROOT_CLASS = YES_ERROR;
				CLANG_WARN_RANGE_LOOP_ANALYSIS = YES;
				CLANG_WARN_STRICT_PROTOTYPES = YES;
				CLANG_WARN_SUSPICIOUS_MOVE = YES;
				CLANG_WARN_UNGUARDED_AVAILABILITY = YES_AGGRESSIVE;
				CLANG_WARN_UNREACHABLE_CODE = YES;
				CLANG_WARN__DUPLICATE_METHOD_MATCH = YES;
				COPY_PHASE_STRIP = NO;
				DEBUG_INFORMATION_FORMAT = dwarf;
				ENABLE_STRICT_OBJC_MSGSEND = YES;
				ENABLE_TESTABILITY = YES;
				GCC_C_LANGUAGE_STANDARD = gnu11;
				GCC_DYNAMIC_NO_PIC = NO;
				GCC_NO_COMMON_BLOCKS = YES;
				GCC_OPTIMIZATION_LEVEL = 0;
				GCC_PREPROCESSOR_DEFINITIONS = (
					"DEBUG=1",
					"$(inherited)",
				);
				GCC_WARN_64_TO_32_BIT_CONVERSION = YES;
				GCC_WARN_ABOUT_RETURN_TYPE = YES_ERROR;
				GCC_WARN_UNDECLARED_SELECTOR = YES;
				GCC_WARN_UNINITIALIZED_AUTOS = YES_AGGRESSIVE;
				GCC_WARN_UNUSED_FUNCTION = YES;
				GCC_WARN_UNUSED_VARIABLE = YES;
				IPHONEOS_DEPLOYMENT_TARGET = 13.6;
				MTL_ENABLE_DEBUG_INFO = INCLUDE_SOURCE;
				MTL_FAST_MATH = YES;
				ONLY_ACTIVE_ARCH = YES;
				SDKROOT = iphoneos;
				SWIFT_ACTIVE_COMPILATION_CONDITIONS = DEBUG;
				SWIFT_OPTIMIZATION_LEVEL = "-Onone";
			};
			name = Debug;
		};
		D3E5F79724EAAFC7001BB6B2 /* Release */ = {
			isa = XCBuildConfiguration;
			buildSettings = {
				ALWAYS_SEARCH_USER_PATHS = NO;
				CLANG_ANALYZER_NONNULL = YES;
				CLANG_ANALYZER_NUMBER_OBJECT_CONVERSION = YES_AGGRESSIVE;
				CLANG_CXX_LANGUAGE_STANDARD = "gnu++14";
				CLANG_CXX_LIBRARY = "libc++";
				CLANG_ENABLE_MODULES = YES;
				CLANG_ENABLE_OBJC_ARC = YES;
				CLANG_ENABLE_OBJC_WEAK = YES;
				CLANG_WARN_BLOCK_CAPTURE_AUTORELEASING = YES;
				CLANG_WARN_BOOL_CONVERSION = YES;
				CLANG_WARN_COMMA = YES;
				CLANG_WARN_CONSTANT_CONVERSION = YES;
				CLANG_WARN_DEPRECATED_OBJC_IMPLEMENTATIONS = YES;
				CLANG_WARN_DIRECT_OBJC_ISA_USAGE = YES_ERROR;
				CLANG_WARN_DOCUMENTATION_COMMENTS = YES;
				CLANG_WARN_EMPTY_BODY = YES;
				CLANG_WARN_ENUM_CONVERSION = YES;
				CLANG_WARN_INFINITE_RECURSION = YES;
				CLANG_WARN_INT_CONVERSION = YES;
				CLANG_WARN_NON_LITERAL_NULL_CONVERSION = YES;
				CLANG_WARN_OBJC_IMPLICIT_RETAIN_SELF = YES;
				CLANG_WARN_OBJC_LITERAL_CONVERSION = YES;
				CLANG_WARN_OBJC_ROOT_CLASS = YES_ERROR;
				CLANG_WARN_RANGE_LOOP_ANALYSIS = YES;
				CLANG_WARN_STRICT_PROTOTYPES = YES;
				CLANG_WARN_SUSPICIOUS_MOVE = YES;
				CLANG_WARN_UNGUARDED_AVAILABILITY = YES_AGGRESSIVE;
				CLANG_WARN_UNREACHABLE_CODE = YES;
				CLANG_WARN__DUPLICATE_METHOD_MATCH = YES;
				COPY_PHASE_STRIP = NO;
				DEBUG_INFORMATION_FORMAT = "dwarf-with-dsym";
				ENABLE_NS_ASSERTIONS = NO;
				ENABLE_STRICT_OBJC_MSGSEND = YES;
				GCC_C_LANGUAGE_STANDARD = gnu11;
				GCC_NO_COMMON_BLOCKS = YES;
				GCC_WARN_64_TO_32_BIT_CONVERSION = YES;
				GCC_WARN_ABOUT_RETURN_TYPE = YES_ERROR;
				GCC_WARN_UNDECLARED_SELECTOR = YES;
				GCC_WARN_UNINITIALIZED_AUTOS = YES_AGGRESSIVE;
				GCC_WARN_UNUSED_FUNCTION = YES;
				GCC_WARN_UNUSED_VARIABLE = YES;
				IPHONEOS_DEPLOYMENT_TARGET = 13.6;
				MTL_ENABLE_DEBUG_INFO = NO;
				MTL_FAST_MATH = YES;
				SDKROOT = iphoneos;
				SWIFT_COMPILATION_MODE = wholemodule;
				SWIFT_OPTIMIZATION_LEVEL = "-O";
				VALIDATE_PRODUCT = YES;
			};
			name = Release;
		};
		D3E5F79924EAAFC7001BB6B2 /* Debug */ = {
			isa = XCBuildConfiguration;
			baseConfigurationReference = 74F0E0FAD40A790ACA2E0A3A /* Pods-YogiYoCloneIOS.debug.xcconfig */;
			buildSettings = {
				ASSETCATALOG_COMPILER_APPICON_NAME = AppIcon;
				CODE_SIGN_ENTITLEMENTS = YogiYoCloneIOS/YogiYoCloneIOS.entitlements;
				CODE_SIGN_IDENTITY = "Apple Development";
				CODE_SIGN_STYLE = Automatic;
				DEVELOPMENT_TEAM = 3799SNND63;
				INFOPLIST_FILE = YogiYoCloneIOS/Info.plist;
				IPHONEOS_DEPLOYMENT_TARGET = 13.0;
				LD_RUNPATH_SEARCH_PATHS = (
					"$(inherited)",
					"@executable_path/Frameworks",
				);
				PRODUCT_BUNDLE_IDENTIFIER = kr.YogiYoCloneTeamIOS;
				PRODUCT_NAME = "$(TARGET_NAME)";
				PROVISIONING_PROFILE_SPECIFIER = "";
				SWIFT_VERSION = 5.0;
				TARGETED_DEVICE_FAMILY = "1,2";
			};
			name = Debug;
		};
		D3E5F79A24EAAFC7001BB6B2 /* Release */ = {
			isa = XCBuildConfiguration;
			baseConfigurationReference = 8DC8C245D39A5D413C3649C1 /* Pods-YogiYoCloneIOS.release.xcconfig */;
			buildSettings = {
				ASSETCATALOG_COMPILER_APPICON_NAME = AppIcon;
				CODE_SIGN_ENTITLEMENTS = YogiYoCloneIOS/YogiYoCloneIOS.entitlements;
				CODE_SIGN_STYLE = Automatic;
				DEVELOPMENT_TEAM = RA99PDU87Z;
				INFOPLIST_FILE = YogiYoCloneIOS/Info.plist;
				IPHONEOS_DEPLOYMENT_TARGET = 13.0;
				LD_RUNPATH_SEARCH_PATHS = (
					"$(inherited)",
					"@executable_path/Frameworks",
				);
				PRODUCT_BUNDLE_IDENTIFIER = kr.YogiYoCloneTeamIOS;
				PRODUCT_NAME = "$(TARGET_NAME)";
				SWIFT_VERSION = 5.0;
				TARGETED_DEVICE_FAMILY = "1,2";
			};
			name = Release;
		};
/* End XCBuildConfiguration section */

/* Begin XCConfigurationList section */
		D3E5F77F24EAAFC6001BB6B2 /* Build configuration list for PBXProject "YogiYoCloneIOS" */ = {
			isa = XCConfigurationList;
			buildConfigurations = (
				D3E5F79624EAAFC7001BB6B2 /* Debug */,
				D3E5F79724EAAFC7001BB6B2 /* Release */,
			);
			defaultConfigurationIsVisible = 0;
			defaultConfigurationName = Release;
		};
		D3E5F79824EAAFC7001BB6B2 /* Build configuration list for PBXNativeTarget "YogiYoCloneIOS" */ = {
			isa = XCConfigurationList;
			buildConfigurations = (
				D3E5F79924EAAFC7001BB6B2 /* Debug */,
				D3E5F79A24EAAFC7001BB6B2 /* Release */,
			);
			defaultConfigurationIsVisible = 0;
			defaultConfigurationName = Release;
		};
/* End XCConfigurationList section */
	};
	rootObject = D3E5F77C24EAAFC6001BB6B2 /* Project object */;
}
